// !$*UTF8*$!
{
	archiveVersion = 1;
	classes = {
	};
	objectVersion = 46;
	objects = {

/* Begin PBXBuildFile section */
		1C426B2E18B957D60058291B /* ShoppingCartController.m in Sources */ = {isa = PBXBuildFile; fileRef = 1C426B2C18B957D60058291B /* ShoppingCartController.m */; };
		1C426B2F18B957D60058291B /* ShoppingCartController.xib in Resources */ = {isa = PBXBuildFile; fileRef = 1C426B2D18B957D60058291B /* ShoppingCartController.xib */; };
		1C426B3318B95C8D0058291B /* TabbedViewFooter.xib in Resources */ = {isa = PBXBuildFile; fileRef = 1C426B3218B95C8D0058291B /* TabbedViewFooter.xib */; };
		1C426B3618B9644B0058291B /* ShoppingCartRowCell.m in Sources */ = {isa = PBXBuildFile; fileRef = 1C426B3518B9644B0058291B /* ShoppingCartRowCell.m */; };
		1C426B3A18B9657B0058291B /* ShoppingCartRowCell.xib in Resources */ = {isa = PBXBuildFile; fileRef = 1C426B3918B9657B0058291B /* ShoppingCartRowCell.xib */; };
		1C426B3C18B9789F0058291B /* Parse.framework in Frameworks */ = {isa = PBXBuildFile; fileRef = 1C426B3B18B9789F0058291B /* Parse.framework */; };
		1C426B3E18B979720058291B /* FacebookSDK.framework in Frameworks */ = {isa = PBXBuildFile; fileRef = 1C426B3D18B979720058291B /* FacebookSDK.framework */; };
		1C426B4118B9842D0058291B /* ShoppingCart.m in Sources */ = {isa = PBXBuildFile; fileRef = 1C426B4018B9842D0058291B /* ShoppingCart.m */; };
		1C426B4418B984830058291B /* ShoppingCartItem.m in Sources */ = {isa = PBXBuildFile; fileRef = 1C426B4318B984830058291B /* ShoppingCartItem.m */; };
		1C4A866B18B9A37700F896B9 /* MHTabBarActiveTab.png in Resources */ = {isa = PBXBuildFile; fileRef = 1C4A866318B9A37700F896B9 /* MHTabBarActiveTab.png */; };
		1C4A866C18B9A37700F896B9 /* MHTabBarActiveTab@2x.png in Resources */ = {isa = PBXBuildFile; fileRef = 1C4A866418B9A37700F896B9 /* MHTabBarActiveTab@2x.png */; };
		1C4A866D18B9A37700F896B9 /* MHTabBarController.m in Sources */ = {isa = PBXBuildFile; fileRef = 1C4A866618B9A37700F896B9 /* MHTabBarController.m */; };
		1C4A866E18B9A37700F896B9 /* MHTabBarInactiveTab.png in Resources */ = {isa = PBXBuildFile; fileRef = 1C4A866718B9A37700F896B9 /* MHTabBarInactiveTab.png */; };
		1C4A866F18B9A37700F896B9 /* MHTabBarInactiveTab@2x.png in Resources */ = {isa = PBXBuildFile; fileRef = 1C4A866818B9A37700F896B9 /* MHTabBarInactiveTab@2x.png */; };
		1C4A867018B9A37700F896B9 /* MHTabBarIndicator.png in Resources */ = {isa = PBXBuildFile; fileRef = 1C4A866918B9A37700F896B9 /* MHTabBarIndicator.png */; };
		1C4A867118B9A37700F896B9 /* MHTabBarIndicator@2x.png in Resources */ = {isa = PBXBuildFile; fileRef = 1C4A866A18B9A37700F896B9 /* MHTabBarIndicator@2x.png */; };
		1C9739C318B39AB20097D051 /* Foundation.framework in Frameworks */ = {isa = PBXBuildFile; fileRef = 1C9739C218B39AB20097D051 /* Foundation.framework */; };
		1C9739C518B39AB20097D051 /* CoreGraphics.framework in Frameworks */ = {isa = PBXBuildFile; fileRef = 1C9739C418B39AB20097D051 /* CoreGraphics.framework */; };
		1C9739C718B39AB20097D051 /* UIKit.framework in Frameworks */ = {isa = PBXBuildFile; fileRef = 1C9739C618B39AB20097D051 /* UIKit.framework */; };
		1C9739CD18B39AB20097D051 /* InfoPlist.strings in Resources */ = {isa = PBXBuildFile; fileRef = 1C9739CB18B39AB20097D051 /* InfoPlist.strings */; };
		1C9739CF18B39AB20097D051 /* main.m in Sources */ = {isa = PBXBuildFile; fileRef = 1C9739CE18B39AB20097D051 /* main.m */; };
		1C9739DC18B39AB20097D051 /* XCTest.framework in Frameworks */ = {isa = PBXBuildFile; fileRef = 1C9739DB18B39AB20097D051 /* XCTest.framework */; };
		1C9739DD18B39AB20097D051 /* Foundation.framework in Frameworks */ = {isa = PBXBuildFile; fileRef = 1C9739C218B39AB20097D051 /* Foundation.framework */; };
		1C9739DE18B39AB20097D051 /* UIKit.framework in Frameworks */ = {isa = PBXBuildFile; fileRef = 1C9739C618B39AB20097D051 /* UIKit.framework */; };
		1C9739E618B39AB20097D051 /* InfoPlist.strings in Resources */ = {isa = PBXBuildFile; fileRef = 1C9739E418B39AB20097D051 /* InfoPlist.strings */; };
		1C9739E818B39AB20097D051 /* Chef_meV2Tests.m in Sources */ = {isa = PBXBuildFile; fileRef = 1C9739E718B39AB20097D051 /* Chef_meV2Tests.m */; };
		1C973A9818B39AF90097D051 /* 123.png in Resources */ = {isa = PBXBuildFile; fileRef = 1C9739F218B39AF80097D051 /* 123.png */; };
		1C973A9918B39AF90097D051 /* 13.png in Resources */ = {isa = PBXBuildFile; fileRef = 1C9739F318B39AF80097D051 /* 13.png */; };
		1C973A9A18B39AF90097D051 /* 132.png in Resources */ = {isa = PBXBuildFile; fileRef = 1C9739F418B39AF80097D051 /* 132.png */; };
		1C973A9B18B39AF90097D051 /* 180.png in Resources */ = {isa = PBXBuildFile; fileRef = 1C9739F518B39AF80097D051 /* 180.png */; };
		1C973A9C18B39AF90097D051 /* 181.png in Resources */ = {isa = PBXBuildFile; fileRef = 1C9739F618B39AF80097D051 /* 181.png */; };
		1C973A9D18B39AF90097D051 /* 182.png in Resources */ = {isa = PBXBuildFile; fileRef = 1C9739F718B39AF80097D051 /* 182.png */; };
		1C973A9E18B39AF90097D051 /* 183.png in Resources */ = {isa = PBXBuildFile; fileRef = 1C9739F818B39AF80097D051 /* 183.png */; };
		1C973A9F18B39AF90097D051 /* 184.png in Resources */ = {isa = PBXBuildFile; fileRef = 1C9739F918B39AF80097D051 /* 184.png */; };
		1C973AA018B39AF90097D051 /* 185.png in Resources */ = {isa = PBXBuildFile; fileRef = 1C9739FA18B39AF80097D051 /* 185.png */; };
		1C973AA118B39AF90097D051 /* 186.png in Resources */ = {isa = PBXBuildFile; fileRef = 1C9739FB18B39AF80097D051 /* 186.png */; };
		1C973AA218B39AF90097D051 /* 189.png in Resources */ = {isa = PBXBuildFile; fileRef = 1C9739FC18B39AF80097D051 /* 189.png */; };
		1C973AA318B39AF90097D051 /* 191.png in Resources */ = {isa = PBXBuildFile; fileRef = 1C9739FD18B39AF80097D051 /* 191.png */; };
		1C973AA418B39AF90097D051 /* 192.png in Resources */ = {isa = PBXBuildFile; fileRef = 1C9739FE18B39AF80097D051 /* 192.png */; };
		1C973AA518B39AF90097D051 /* 193.png in Resources */ = {isa = PBXBuildFile; fileRef = 1C9739FF18B39AF80097D051 /* 193.png */; };
		1C973AA618B39AF90097D051 /* 194.png in Resources */ = {isa = PBXBuildFile; fileRef = 1C973A0018B39AF80097D051 /* 194.png */; };
		1C973AA718B39AF90097D051 /* 195.png in Resources */ = {isa = PBXBuildFile; fileRef = 1C973A0118B39AF80097D051 /* 195.png */; };
		1C973AA818B39AF90097D051 /* 196.png in Resources */ = {isa = PBXBuildFile; fileRef = 1C973A0218B39AF80097D051 /* 196.png */; };
		1C973AA918B39AF90097D051 /* 197.png in Resources */ = {isa = PBXBuildFile; fileRef = 1C973A0318B39AF80097D051 /* 197.png */; };
		1C973AAA18B39AF90097D051 /* 198.png in Resources */ = {isa = PBXBuildFile; fileRef = 1C973A0418B39AF80097D051 /* 198.png */; };
		1C973AAB18B39AF90097D051 /* 199.png in Resources */ = {isa = PBXBuildFile; fileRef = 1C973A0518B39AF80097D051 /* 199.png */; };
		1C973AAC18B39AF90097D051 /* 2.png in Resources */ = {isa = PBXBuildFile; fileRef = 1C973A0618B39AF80097D051 /* 2.png */; };
		1C973AAD18B39AF90097D051 /* 20.png in Resources */ = {isa = PBXBuildFile; fileRef = 1C973A0718B39AF80097D051 /* 20.png */; };
		1C973AAE18B39AF90097D051 /* 200.png in Resources */ = {isa = PBXBuildFile; fileRef = 1C973A0818B39AF80097D051 /* 200.png */; };
		1C973AAF18B39AF90097D051 /* 21.png in Resources */ = {isa = PBXBuildFile; fileRef = 1C973A0918B39AF80097D051 /* 21.png */; };
		1C973AB018B39AF90097D051 /* 22.png in Resources */ = {isa = PBXBuildFile; fileRef = 1C973A0A18B39AF80097D051 /* 22.png */; };
		1C973AB118B39AF90097D051 /* 23.png in Resources */ = {isa = PBXBuildFile; fileRef = 1C973A0B18B39AF80097D051 /* 23.png */; };
		1C973AB218B39AF90097D051 /* 24.png in Resources */ = {isa = PBXBuildFile; fileRef = 1C973A0C18B39AF80097D051 /* 24.png */; };
		1C973AB318B39AF90097D051 /* 25.png in Resources */ = {isa = PBXBuildFile; fileRef = 1C973A0D18B39AF80097D051 /* 25.png */; };
		1C973AB418B39AF90097D051 /* 26.png in Resources */ = {isa = PBXBuildFile; fileRef = 1C973A0E18B39AF80097D051 /* 26.png */; };
		1C973AB518B39AF90097D051 /* 28.png in Resources */ = {isa = PBXBuildFile; fileRef = 1C973A0F18B39AF80097D051 /* 28.png */; };
		1C973AB618B39AF90097D051 /* 29.png in Resources */ = {isa = PBXBuildFile; fileRef = 1C973A1018B39AF80097D051 /* 29.png */; };
		1C973AB718B39AF90097D051 /* 3.png in Resources */ = {isa = PBXBuildFile; fileRef = 1C973A1118B39AF80097D051 /* 3.png */; };
		1C973AB818B39AF90097D051 /* 30.png in Resources */ = {isa = PBXBuildFile; fileRef = 1C973A1218B39AF80097D051 /* 30.png */; };
		1C973AB918B39AF90097D051 /* 31.png in Resources */ = {isa = PBXBuildFile; fileRef = 1C973A1318B39AF80097D051 /* 31.png */; };
		1C973ABA18B39AF90097D051 /* 32.png in Resources */ = {isa = PBXBuildFile; fileRef = 1C973A1418B39AF80097D051 /* 32.png */; };
		1C973ABB18B39AF90097D051 /* 33.png in Resources */ = {isa = PBXBuildFile; fileRef = 1C973A1518B39AF80097D051 /* 33.png */; };
		1C973ABC18B39AF90097D051 /* 34.png in Resources */ = {isa = PBXBuildFile; fileRef = 1C973A1618B39AF80097D051 /* 34.png */; };
		1C973ABD18B39AF90097D051 /* 36.png in Resources */ = {isa = PBXBuildFile; fileRef = 1C973A1718B39AF80097D051 /* 36.png */; };
		1C973ABE18B39AF90097D051 /* 37.png in Resources */ = {isa = PBXBuildFile; fileRef = 1C973A1818B39AF80097D051 /* 37.png */; };
		1C973ABF18B39AF90097D051 /* 38.png in Resources */ = {isa = PBXBuildFile; fileRef = 1C973A1918B39AF80097D051 /* 38.png */; };
		1C973AC018B39AF90097D051 /* 39.png in Resources */ = {isa = PBXBuildFile; fileRef = 1C973A1A18B39AF80097D051 /* 39.png */; };
		1C973AC118B39AF90097D051 /* 4.png in Resources */ = {isa = PBXBuildFile; fileRef = 1C973A1B18B39AF80097D051 /* 4.png */; };
		1C973AC218B39AF90097D051 /* 42.png in Resources */ = {isa = PBXBuildFile; fileRef = 1C973A1C18B39AF80097D051 /* 42.png */; };
		1C973AC318B39AF90097D051 /* 43.png in Resources */ = {isa = PBXBuildFile; fileRef = 1C973A1D18B39AF80097D051 /* 43.png */; };
		1C973AC418B39AF90097D051 /* 44.png in Resources */ = {isa = PBXBuildFile; fileRef = 1C973A1E18B39AF80097D051 /* 44.png */; };
		1C973AC518B39AF90097D051 /* 45.png in Resources */ = {isa = PBXBuildFile; fileRef = 1C973A1F18B39AF80097D051 /* 45.png */; };
		1C973AC618B39AF90097D051 /* 46.png in Resources */ = {isa = PBXBuildFile; fileRef = 1C973A2018B39AF80097D051 /* 46.png */; };
		1C973AC718B39AF90097D051 /* 49.png in Resources */ = {isa = PBXBuildFile; fileRef = 1C973A2118B39AF80097D051 /* 49.png */; };
		1C973AC818B39AF90097D051 /* 51.png in Resources */ = {isa = PBXBuildFile; fileRef = 1C973A2218B39AF80097D051 /* 51.png */; };
		1C973AC918B39AF90097D051 /* 52.png in Resources */ = {isa = PBXBuildFile; fileRef = 1C973A2318B39AF80097D051 /* 52.png */; };
		1C973ACA18B39AF90097D051 /* 53.png in Resources */ = {isa = PBXBuildFile; fileRef = 1C973A2418B39AF80097D051 /* 53.png */; };
		1C973ACB18B39AF90097D051 /* 54.png in Resources */ = {isa = PBXBuildFile; fileRef = 1C973A2518B39AF80097D051 /* 54.png */; };
		1C973ACC18B39AF90097D051 /* 55.png in Resources */ = {isa = PBXBuildFile; fileRef = 1C973A2618B39AF80097D051 /* 55.png */; };
		1C973ACD18B39AF90097D051 /* bread.png in Resources */ = {isa = PBXBuildFile; fileRef = 1C973A2718B39AF80097D051 /* bread.png */; };
		1C973ACE18B39AF90097D051 /* brocolli.png in Resources */ = {isa = PBXBuildFile; fileRef = 1C973A2818B39AF80097D051 /* brocolli.png */; };
		1C973ACF18B39AF90097D051 /* cheese.png in Resources */ = {isa = PBXBuildFile; fileRef = 1C973A2918B39AF80097D051 /* cheese.png */; };
		1C973AD018B39AF90097D051 /* cheese2.png in Resources */ = {isa = PBXBuildFile; fileRef = 1C973A2A18B39AF80097D051 /* cheese2.png */; };
		1C973AD118B39AF90097D051 /* chilli1.png in Resources */ = {isa = PBXBuildFile; fileRef = 1C973A2B18B39AF80097D051 /* chilli1.png */; };
		1C973AD218B39AF90097D051 /* chilli2.png in Resources */ = {isa = PBXBuildFile; fileRef = 1C973A2C18B39AF80097D051 /* chilli2.png */; };
		1C973AD318B39AF90097D051 /* chilli3.png in Resources */ = {isa = PBXBuildFile; fileRef = 1C973A2D18B39AF80097D051 /* chilli3.png */; };
		1C973AD418B39AF90097D051 /* coffee.png in Resources */ = {isa = PBXBuildFile; fileRef = 1C973A2E18B39AF80097D051 /* coffee.png */; };
		1C973AD518B39AF90097D051 /* corn.png in Resources */ = {isa = PBXBuildFile; fileRef = 1C973A2F18B39AF80097D051 /* corn.png */; };
		1C973AD618B39AF90097D051 /* egg.png in Resources */ = {isa = PBXBuildFile; fileRef = 1C973A3018B39AF80097D051 /* egg.png */; };
		1C973AD718B39AF90097D051 /* egg2.png in Resources */ = {isa = PBXBuildFile; fileRef = 1C973A3118B39AF80097D051 /* egg2.png */; };
		1C973AD818B39AF90097D051 /* egg3.png in Resources */ = {isa = PBXBuildFile; fileRef = 1C973A3218B39AF80097D051 /* egg3.png */; };
		1C973AD918B39AF90097D051 /* fish.png in Resources */ = {isa = PBXBuildFile; fileRef = 1C973A3318B39AF80097D051 /* fish.png */; };
		1C973ADA18B39AF90097D051 /* garlic.png in Resources */ = {isa = PBXBuildFile; fileRef = 1C973A3418B39AF80097D051 /* garlic.png */; };
		1C973ADB18B39AF90097D051 /* garlic2.png in Resources */ = {isa = PBXBuildFile; fileRef = 1C973A3518B39AF80097D051 /* garlic2.png */; };
		1C973ADC18B39AF90097D051 /* meat.png in Resources */ = {isa = PBXBuildFile; fileRef = 1C973A3618B39AF80097D051 /* meat.png */; };
		1C973ADD18B39AF90097D051 /* meat1.png in Resources */ = {isa = PBXBuildFile; fileRef = 1C973A3718B39AF80097D051 /* meat1.png */; };
		1C973ADE18B39AF90097D051 /* meat2.png in Resources */ = {isa = PBXBuildFile; fileRef = 1C973A3818B39AF80097D051 /* meat2.png */; };
		1C973ADF18B39AF90097D051 /* mushroom.png in Resources */ = {isa = PBXBuildFile; fileRef = 1C973A3918B39AF80097D051 /* mushroom.png */; };
		1C973AE018B39AF90097D051 /* time.png in Resources */ = {isa = PBXBuildFile; fileRef = 1C973A3A18B39AF80097D051 /* time.png */; };
		1C973AE118B39AF90097D051 /* AppDelegate.m in Sources */ = {isa = PBXBuildFile; fileRef = 1C973A3C18B39AF80097D051 /* AppDelegate.m */; };
		1C973AE218B39AF90097D051 /* Main.storyboard in Resources */ = {isa = PBXBuildFile; fileRef = 1C973A3E18B39AF80097D051 /* Main.storyboard */; };
		1C973AE318B39AF90097D051 /* bookmark.png in Resources */ = {isa = PBXBuildFile; fileRef = 1C973A4018B39AF80097D051 /* bookmark.png */; };
		1C973AE518B39AF90097D051 /* clock.png in Resources */ = {isa = PBXBuildFile; fileRef = 1C973A4318B39AF80097D051 /* clock.png */; };
		1C973AE618B39AF90097D051 /* MPAnimation.m in Sources */ = {isa = PBXBuildFile; fileRef = 1C973A4618B39AF80097D051 /* MPAnimation.m */; };
		1C973AE718B39AF90097D051 /* MPFlipTransition.m in Sources */ = {isa = PBXBuildFile; fileRef = 1C973A4918B39AF80097D051 /* MPFlipTransition.m */; };
		1C973AE818B39AF90097D051 /* MPFlipViewController.m in Sources */ = {isa = PBXBuildFile; fileRef = 1C973A4B18B39AF80097D051 /* MPFlipViewController.m */; };
		1C973AE918B39AF90097D051 /* MPTransition.m in Sources */ = {isa = PBXBuildFile; fileRef = 1C973A4D18B39AF80097D051 /* MPTransition.m */; };
		1C973AEA18B39AF90097D051 /* ContentViewController.m in Sources */ = {isa = PBXBuildFile; fileRef = 1C973A5018B39AF80097D051 /* ContentViewController.m */; };
		1C973AEB18B39AF90097D051 /* ContentViewController.xib in Resources */ = {isa = PBXBuildFile; fileRef = 1C973A5118B39AF80097D051 /* ContentViewController.xib */; };
		1C973AEC18B39AF90097D051 /* DetailViewController.m in Sources */ = {isa = PBXBuildFile; fileRef = 1C973A5318B39AF80097D051 /* DetailViewController.m */; };
		1C973AED18B39AF90097D051 /* DetailViewController.xib in Resources */ = {isa = PBXBuildFile; fileRef = 1C973A5418B39AF80097D051 /* DetailViewController.xib */; };
		1C973AEE18B39AF90097D051 /* InfoPlist.strings in Resources */ = {isa = PBXBuildFile; fileRef = 1C973A5618B39AF80097D051 /* InfoPlist.strings */; };
		1C973AEF18B39AF90097D051 /* image1.jpg in Resources */ = {isa = PBXBuildFile; fileRef = 1C973A5818B39AF80097D051 /* image1.jpg */; };
		1C973AF018B39AF90097D051 /* image2.jpg in Resources */ = {isa = PBXBuildFile; fileRef = 1C973A5918B39AF80097D051 /* image2.jpg */; };
		1C973AF118B39AF90097D051 /* image3.jpg in Resources */ = {isa = PBXBuildFile; fileRef = 1C973A5A18B39AF80097D051 /* image3.jpg */; };
		1C973AF218B39AF90097D051 /* image4.jpg in Resources */ = {isa = PBXBuildFile; fileRef = 1C973A5B18B39AF80097D051 /* image4.jpg */; };
		1C973AF318B39AF90097D051 /* image5.jpg in Resources */ = {isa = PBXBuildFile; fileRef = 1C973A5C18B39AF80097D051 /* image5.jpg */; };
		1C973AF418B39AF90097D051 /* image6.jpg in Resources */ = {isa = PBXBuildFile; fileRef = 1C973A5D18B39AF80097D051 /* image6.jpg */; };
		1C973AF518B39AF90097D051 /* image7.jpg in Resources */ = {isa = PBXBuildFile; fileRef = 1C973A5E18B39AF80097D051 /* image7.jpg */; };
		1C973AF618B39AF90097D051 /* image8.jpg in Resources */ = {isa = PBXBuildFile; fileRef = 1C973A5F18B39AF80097D051 /* image8.jpg */; };
		1C973AF718B39AF90097D051 /* image9.jpg in Resources */ = {isa = PBXBuildFile; fileRef = 1C973A6018B39AF80097D051 /* image9.jpg */; };
		1C973AF818B39AF90097D051 /* image10.jpg in Resources */ = {isa = PBXBuildFile; fileRef = 1C973A6118B39AF80097D051 /* image10.jpg */; };
		1C973AF918B39AF90097D051 /* image11.jpg in Resources */ = {isa = PBXBuildFile; fileRef = 1C973A6218B39AF80097D051 /* image11.jpg */; };
		1C973AFA18B39AF90097D051 /* image12.jpg in Resources */ = {isa = PBXBuildFile; fileRef = 1C973A6318B39AF80097D051 /* image12.jpg */; };
		1C973AFB18B39AF90097D051 /* image13.jpg in Resources */ = {isa = PBXBuildFile; fileRef = 1C973A6418B39AF80097D051 /* image13.jpg */; };
		1C973AFC18B39AF90097D051 /* image14.jpg in Resources */ = {isa = PBXBuildFile; fileRef = 1C973A6518B39AF80097D051 /* image14.jpg */; };
		1C973AFD18B39AF90097D051 /* image15.jpg in Resources */ = {isa = PBXBuildFile; fileRef = 1C973A6618B39AF80097D051 /* image15.jpg */; };
		1C973AFE18B39AF90097D051 /* image16.jpg in Resources */ = {isa = PBXBuildFile; fileRef = 1C973A6718B39AF80097D051 /* image16.jpg */; };
		1C973AFF18B39AF90097D051 /* image17.jpg in Resources */ = {isa = PBXBuildFile; fileRef = 1C973A6818B39AF80097D051 /* image17.jpg */; };
		1C973B0018B39AF90097D051 /* image18.jpg in Resources */ = {isa = PBXBuildFile; fileRef = 1C973A6918B39AF80097D051 /* image18.jpg */; };
		1C973B0118B39AF90097D051 /* image19.jpg in Resources */ = {isa = PBXBuildFile; fileRef = 1C973A6A18B39AF80097D051 /* image19.jpg */; };
		1C973B0218B39AF90097D051 /* image20.jpg in Resources */ = {isa = PBXBuildFile; fileRef = 1C973A6B18B39AF80097D051 /* image20.jpg */; };
		1C973B0318B39AF90097D051 /* image21.jpg in Resources */ = {isa = PBXBuildFile; fileRef = 1C973A6C18B39AF80097D051 /* image21.jpg */; };
		1C973B0418B39AF90097D051 /* image22.jpg in Resources */ = {isa = PBXBuildFile; fileRef = 1C973A6D18B39AF80097D051 /* image22.jpg */; };
		1C973B0518B39AF90097D051 /* image23.jpg in Resources */ = {isa = PBXBuildFile; fileRef = 1C973A6E18B39AF80097D051 /* image23.jpg */; };
		1C973B0618B39AF90097D051 /* image24.jpg in Resources */ = {isa = PBXBuildFile; fileRef = 1C973A6F18B39AF80097D051 /* image24.jpg */; };
		1C973B0718B39AF90097D051 /* Images.xcassets in Resources */ = {isa = PBXBuildFile; fileRef = 1C973A7018B39AF80097D051 /* Images.xcassets */; };
		1C973B0818B39AF90097D051 /* IngredientsViewController.m in Sources */ = {isa = PBXBuildFile; fileRef = 1C973A7218B39AF80097D051 /* IngredientsViewController.m */; };
		1C973B0918B39AF90097D051 /* IngredientsViewController.xib in Resources */ = {isa = PBXBuildFile; fileRef = 1C973A7318B39AF80097D051 /* IngredientsViewController.xib */; };
		1C973B0A18B39AF90097D051 /* LoginViewController.m in Sources */ = {isa = PBXBuildFile; fileRef = 1C973A7518B39AF80097D051 /* LoginViewController.m */; };
		1C973B0B18B39AF90097D051 /* LoginViewController.xib in Resources */ = {isa = PBXBuildFile; fileRef = 1C973A7618B39AF80097D051 /* LoginViewController.xib */; };
		1C973B0D18B39AF90097D051 /* MainViewController.m in Sources */ = {isa = PBXBuildFile; fileRef = 1C973A7918B39AF80097D051 /* MainViewController.m */; };
		1C973B0E18B39AF90097D051 /* MainViewController.xib in Resources */ = {isa = PBXBuildFile; fileRef = 1C973A7A18B39AF80097D051 /* MainViewController.xib */; };
		1C973B0F18B39AF90097D051 /* NSDictionary+CPAdditions.m in Sources */ = {isa = PBXBuildFile; fileRef = 1C973A7C18B39AF80097D051 /* NSDictionary+CPAdditions.m */; };
		1C973B1018B39AF90097D051 /* PropertyConfigViewController.m in Sources */ = {isa = PBXBuildFile; fileRef = 1C973A7E18B39AF80097D051 /* PropertyConfigViewController.m */; };
		1C973B1118B39AF90097D051 /* PropertyConfigViewController.xib in Resources */ = {isa = PBXBuildFile; fileRef = 1C973A7F18B39AF80097D051 /* PropertyConfigViewController.xib */; };
		1C973B1218B39AF90097D051 /* Recipe.m in Sources */ = {isa = PBXBuildFile; fileRef = 1C973A8118B39AF80097D051 /* Recipe.m */; };
		1C973B1318B39AF90097D051 /* RecipeCell.m in Sources */ = {isa = PBXBuildFile; fileRef = 1C973A8318B39AF80097D051 /* RecipeCell.m */; };
		1C973B1418B39AF90097D051 /* RecipeListCell.xib in Resources */ = {isa = PBXBuildFile; fileRef = 1C973A8418B39AF80097D051 /* RecipeListCell.xib */; };
		1C973B1518B39AF90097D051 /* RecipeListViewController.m in Sources */ = {isa = PBXBuildFile; fileRef = 1C973A8618B39AF80097D051 /* RecipeListViewController.m */; };
		1C973B1618B39AF90097D051 /* RecipeListViewController.xib in Resources */ = {isa = PBXBuildFile; fileRef = 1C973A8718B39AF80097D051 /* RecipeListViewController.xib */; };
		1C973B1718B39AF90097D051 /* RestObject.m in Sources */ = {isa = PBXBuildFile; fileRef = 1C973A8918B39AF80097D051 /* RestObject.m */; };
		1C973B1818B39AF90097D051 /* star.png in Resources */ = {isa = PBXBuildFile; fileRef = 1C973A8A18B39AF80097D051 /* star.png */; };
		1C973B1918B39AF90097D051 /* StepsViewController.m in Sources */ = {isa = PBXBuildFile; fileRef = 1C973A8C18B39AF80097D051 /* StepsViewController.m */; };
		1C973B1A18B39AF90097D051 /* StepsViewController.xib in Resources */ = {isa = PBXBuildFile; fileRef = 1C973A8D18B39AF80097D051 /* StepsViewController.xib */; };
		1C973B1B18B39AF90097D051 /* TabbedController.xib in Resources */ = {isa = PBXBuildFile; fileRef = 1C973A8E18B39AF90097D051 /* TabbedController.xib */; };
		1C973B1C18B39AF90097D051 /* TagFinder.m in Sources */ = {isa = PBXBuildFile; fileRef = 1C973A9018B39AF90097D051 /* TagFinder.m */; };
		1C973B1D18B39AF90097D051 /* UserAccountViewController.m in Sources */ = {isa = PBXBuildFile; fileRef = 1C973A9218B39AF90097D051 /* UserAccountViewController.m */; };
		1C973B1E18B39AF90097D051 /* UserAccountViewController.xib in Resources */ = {isa = PBXBuildFile; fileRef = 1C973A9318B39AF90097D051 /* UserAccountViewController.xib */; };
		1C973B1F18B39AF90097D051 /* Utilities.m in Sources */ = {isa = PBXBuildFile; fileRef = 1C973A9518B39AF90097D051 /* Utilities.m */; };
		1C973B2018B39AF90097D051 /* YummlyClient.m in Sources */ = {isa = PBXBuildFile; fileRef = 1C973A9718B39AF90097D051 /* YummlyClient.m */; };
		1C973B2E18B39F680097D051 /* AudioToolbox.framework in Frameworks */ = {isa = PBXBuildFile; fileRef = 1C973B2918B39F680097D051 /* AudioToolbox.framework */; };
		1C973B2F18B39F680097D051 /* CFNetwork.framework in Frameworks */ = {isa = PBXBuildFile; fileRef = 1C973B2A18B39F680097D051 /* CFNetwork.framework */; };
		1C973B3018B39F680097D051 /* CoreLocation.framework in Frameworks */ = {isa = PBXBuildFile; fileRef = 1C973B2B18B39F680097D051 /* CoreLocation.framework */; };
		1C973B3118B39F680097D051 /* libz.dylib in Frameworks */ = {isa = PBXBuildFile; fileRef = 1C973B2C18B39F680097D051 /* libz.dylib */; };
		1C973B3218B39F680097D051 /* MobileCoreServices.framework in Frameworks */ = {isa = PBXBuildFile; fileRef = 1C973B2D18B39F680097D051 /* MobileCoreServices.framework */; };
		1C973B3418B39FAE0097D051 /* SystemConfiguration.framework in Frameworks */ = {isa = PBXBuildFile; fileRef = 1C973B3318B39FAE0097D051 /* SystemConfiguration.framework */; };
		1C973B3618B39FB70097D051 /* QuartzCore.framework in Frameworks */ = {isa = PBXBuildFile; fileRef = 1C973B3518B39FB70097D051 /* QuartzCore.framework */; };
		1C973B3818B39FC10097D051 /* StoreKit.framework in Frameworks */ = {isa = PBXBuildFile; fileRef = 1C973B3718B39FC10097D051 /* StoreKit.framework */; };
		1C973B3A18B39FCC0097D051 /* Security.framework in Frameworks */ = {isa = PBXBuildFile; fileRef = 1C973B3918B39FCC0097D051 /* Security.framework */; };
		1C973B3E18B3A5AC0097D051 /* Chef.meV2-Info.plist in Resources */ = {isa = PBXBuildFile; fileRef = 1C973B3D18B3A5AC0097D051 /* Chef.meV2-Info.plist */; };
		CE4C43F064FC464781A54F3A /* libPods.a in Frameworks */ = {isa = PBXBuildFile; fileRef = 911724CEE35648C484FD344E /* libPods.a */; };
/* End PBXBuildFile section */

/* Begin PBXContainerItemProxy section */
		1C9739DF18B39AB20097D051 /* PBXContainerItemProxy */ = {
			isa = PBXContainerItemProxy;
			containerPortal = 1C9739B718B39AB20097D051 /* Project object */;
			proxyType = 1;
			remoteGlobalIDString = 1C9739BE18B39AB20097D051;
			remoteInfo = Chef.meV2;
		};
/* End PBXContainerItemProxy section */

/* Begin PBXFileReference section */
		1C426B2B18B957D60058291B /* ShoppingCartController.h */ = {isa = PBXFileReference; fileEncoding = 4; lastKnownFileType = sourcecode.c.h; path = ShoppingCartController.h; sourceTree = "<group>"; };
		1C426B2C18B957D60058291B /* ShoppingCartController.m */ = {isa = PBXFileReference; fileEncoding = 4; lastKnownFileType = sourcecode.c.objc; path = ShoppingCartController.m; sourceTree = "<group>"; };
		1C426B2D18B957D60058291B /* ShoppingCartController.xib */ = {isa = PBXFileReference; fileEncoding = 4; lastKnownFileType = file.xib; path = ShoppingCartController.xib; sourceTree = "<group>"; };
		1C426B3218B95C8D0058291B /* TabbedViewFooter.xib */ = {isa = PBXFileReference; fileEncoding = 4; lastKnownFileType = file.xib; path = TabbedViewFooter.xib; sourceTree = "<group>"; };
		1C426B3418B9644B0058291B /* ShoppingCartRowCell.h */ = {isa = PBXFileReference; fileEncoding = 4; lastKnownFileType = sourcecode.c.h; path = ShoppingCartRowCell.h; sourceTree = "<group>"; };
		1C426B3518B9644B0058291B /* ShoppingCartRowCell.m */ = {isa = PBXFileReference; fileEncoding = 4; lastKnownFileType = sourcecode.c.objc; path = ShoppingCartRowCell.m; sourceTree = "<group>"; };
		1C426B3918B9657B0058291B /* ShoppingCartRowCell.xib */ = {isa = PBXFileReference; fileEncoding = 4; lastKnownFileType = file.xib; path = ShoppingCartRowCell.xib; sourceTree = "<group>"; };
		1C426B3B18B9789F0058291B /* Parse.framework */ = {isa = PBXFileReference; lastKnownFileType = wrapper.framework; path = Parse.framework; sourceTree = "<group>"; };
		1C426B3D18B979720058291B /* FacebookSDK.framework */ = {isa = PBXFileReference; lastKnownFileType = wrapper.framework; path = FacebookSDK.framework; sourceTree = "<group>"; };
		1C426B3F18B9842D0058291B /* ShoppingCart.h */ = {isa = PBXFileReference; fileEncoding = 4; lastKnownFileType = sourcecode.c.h; path = ShoppingCart.h; sourceTree = "<group>"; };
		1C426B4018B9842D0058291B /* ShoppingCart.m */ = {isa = PBXFileReference; fileEncoding = 4; lastKnownFileType = sourcecode.c.objc; path = ShoppingCart.m; sourceTree = "<group>"; };
		1C426B4218B984830058291B /* ShoppingCartItem.h */ = {isa = PBXFileReference; fileEncoding = 4; lastKnownFileType = sourcecode.c.h; path = ShoppingCartItem.h; sourceTree = "<group>"; };
		1C426B4318B984830058291B /* ShoppingCartItem.m */ = {isa = PBXFileReference; fileEncoding = 4; lastKnownFileType = sourcecode.c.objc; path = ShoppingCartItem.m; sourceTree = "<group>"; };
		1C4A866318B9A37700F896B9 /* MHTabBarActiveTab.png */ = {isa = PBXFileReference; lastKnownFileType = image.png; path = MHTabBarActiveTab.png; sourceTree = "<group>"; };
		1C4A866418B9A37700F896B9 /* MHTabBarActiveTab@2x.png */ = {isa = PBXFileReference; lastKnownFileType = image.png; path = "MHTabBarActiveTab@2x.png"; sourceTree = "<group>"; };
		1C4A866518B9A37700F896B9 /* MHTabBarController.h */ = {isa = PBXFileReference; fileEncoding = 4; lastKnownFileType = sourcecode.c.h; path = MHTabBarController.h; sourceTree = "<group>"; };
		1C4A866618B9A37700F896B9 /* MHTabBarController.m */ = {isa = PBXFileReference; fileEncoding = 4; lastKnownFileType = sourcecode.c.objc; path = MHTabBarController.m; sourceTree = "<group>"; };
		1C4A866718B9A37700F896B9 /* MHTabBarInactiveTab.png */ = {isa = PBXFileReference; lastKnownFileType = image.png; path = MHTabBarInactiveTab.png; sourceTree = "<group>"; };
		1C4A866818B9A37700F896B9 /* MHTabBarInactiveTab@2x.png */ = {isa = PBXFileReference; lastKnownFileType = image.png; path = "MHTabBarInactiveTab@2x.png"; sourceTree = "<group>"; };
		1C4A866918B9A37700F896B9 /* MHTabBarIndicator.png */ = {isa = PBXFileReference; lastKnownFileType = image.png; path = MHTabBarIndicator.png; sourceTree = "<group>"; };
		1C4A866A18B9A37700F896B9 /* MHTabBarIndicator@2x.png */ = {isa = PBXFileReference; lastKnownFileType = image.png; path = "MHTabBarIndicator@2x.png"; sourceTree = "<group>"; };
		1C9739BF18B39AB20097D051 /* Chef.meV2.app */ = {isa = PBXFileReference; explicitFileType = wrapper.application; includeInIndex = 0; path = Chef.meV2.app; sourceTree = BUILT_PRODUCTS_DIR; };
		1C9739C218B39AB20097D051 /* Foundation.framework */ = {isa = PBXFileReference; lastKnownFileType = wrapper.framework; name = Foundation.framework; path = System/Library/Frameworks/Foundation.framework; sourceTree = SDKROOT; };
		1C9739C418B39AB20097D051 /* CoreGraphics.framework */ = {isa = PBXFileReference; lastKnownFileType = wrapper.framework; name = CoreGraphics.framework; path = System/Library/Frameworks/CoreGraphics.framework; sourceTree = SDKROOT; };
		1C9739C618B39AB20097D051 /* UIKit.framework */ = {isa = PBXFileReference; lastKnownFileType = wrapper.framework; name = UIKit.framework; path = System/Library/Frameworks/UIKit.framework; sourceTree = SDKROOT; };
		1C9739CC18B39AB20097D051 /* en */ = {isa = PBXFileReference; lastKnownFileType = text.plist.strings; name = en; path = en.lproj/InfoPlist.strings; sourceTree = "<group>"; };
		1C9739CE18B39AB20097D051 /* main.m */ = {isa = PBXFileReference; lastKnownFileType = sourcecode.c.objc; path = main.m; sourceTree = "<group>"; };
		1C9739D018B39AB20097D051 /* Chef.meV2-Prefix.pch */ = {isa = PBXFileReference; lastKnownFileType = sourcecode.c.h; path = "Chef.meV2-Prefix.pch"; sourceTree = "<group>"; };
		1C9739DA18B39AB20097D051 /* Chef.meV2Tests.xctest */ = {isa = PBXFileReference; explicitFileType = wrapper.cfbundle; includeInIndex = 0; path = Chef.meV2Tests.xctest; sourceTree = BUILT_PRODUCTS_DIR; };
		1C9739DB18B39AB20097D051 /* XCTest.framework */ = {isa = PBXFileReference; lastKnownFileType = wrapper.framework; name = XCTest.framework; path = Library/Frameworks/XCTest.framework; sourceTree = DEVELOPER_DIR; };
		1C9739E318B39AB20097D051 /* Chef.meV2Tests-Info.plist */ = {isa = PBXFileReference; lastKnownFileType = text.plist.xml; path = "Chef.meV2Tests-Info.plist"; sourceTree = "<group>"; };
		1C9739E518B39AB20097D051 /* en */ = {isa = PBXFileReference; lastKnownFileType = text.plist.strings; name = en; path = en.lproj/InfoPlist.strings; sourceTree = "<group>"; };
		1C9739E718B39AB20097D051 /* Chef_meV2Tests.m */ = {isa = PBXFileReference; lastKnownFileType = sourcecode.c.objc; path = Chef_meV2Tests.m; sourceTree = "<group>"; };
		1C9739F218B39AF80097D051 /* 123.png */ = {isa = PBXFileReference; lastKnownFileType = image.png; path = 123.png; sourceTree = "<group>"; };
		1C9739F318B39AF80097D051 /* 13.png */ = {isa = PBXFileReference; lastKnownFileType = image.png; path = 13.png; sourceTree = "<group>"; };
		1C9739F418B39AF80097D051 /* 132.png */ = {isa = PBXFileReference; lastKnownFileType = image.png; path = 132.png; sourceTree = "<group>"; };
		1C9739F518B39AF80097D051 /* 180.png */ = {isa = PBXFileReference; lastKnownFileType = image.png; path = 180.png; sourceTree = "<group>"; };
		1C9739F618B39AF80097D051 /* 181.png */ = {isa = PBXFileReference; lastKnownFileType = image.png; path = 181.png; sourceTree = "<group>"; };
		1C9739F718B39AF80097D051 /* 182.png */ = {isa = PBXFileReference; lastKnownFileType = image.png; path = 182.png; sourceTree = "<group>"; };
		1C9739F818B39AF80097D051 /* 183.png */ = {isa = PBXFileReference; lastKnownFileType = image.png; path = 183.png; sourceTree = "<group>"; };
		1C9739F918B39AF80097D051 /* 184.png */ = {isa = PBXFileReference; lastKnownFileType = image.png; path = 184.png; sourceTree = "<group>"; };
		1C9739FA18B39AF80097D051 /* 185.png */ = {isa = PBXFileReference; lastKnownFileType = image.png; path = 185.png; sourceTree = "<group>"; };
		1C9739FB18B39AF80097D051 /* 186.png */ = {isa = PBXFileReference; lastKnownFileType = image.png; path = 186.png; sourceTree = "<group>"; };
		1C9739FC18B39AF80097D051 /* 189.png */ = {isa = PBXFileReference; lastKnownFileType = image.png; path = 189.png; sourceTree = "<group>"; };
		1C9739FD18B39AF80097D051 /* 191.png */ = {isa = PBXFileReference; lastKnownFileType = image.png; path = 191.png; sourceTree = "<group>"; };
		1C9739FE18B39AF80097D051 /* 192.png */ = {isa = PBXFileReference; lastKnownFileType = image.png; path = 192.png; sourceTree = "<group>"; };
		1C9739FF18B39AF80097D051 /* 193.png */ = {isa = PBXFileReference; lastKnownFileType = image.png; path = 193.png; sourceTree = "<group>"; };
		1C973A0018B39AF80097D051 /* 194.png */ = {isa = PBXFileReference; lastKnownFileType = image.png; path = 194.png; sourceTree = "<group>"; };
		1C973A0118B39AF80097D051 /* 195.png */ = {isa = PBXFileReference; lastKnownFileType = image.png; path = 195.png; sourceTree = "<group>"; };
		1C973A0218B39AF80097D051 /* 196.png */ = {isa = PBXFileReference; lastKnownFileType = image.png; path = 196.png; sourceTree = "<group>"; };
		1C973A0318B39AF80097D051 /* 197.png */ = {isa = PBXFileReference; lastKnownFileType = image.png; path = 197.png; sourceTree = "<group>"; };
		1C973A0418B39AF80097D051 /* 198.png */ = {isa = PBXFileReference; lastKnownFileType = image.png; path = 198.png; sourceTree = "<group>"; };
		1C973A0518B39AF80097D051 /* 199.png */ = {isa = PBXFileReference; lastKnownFileType = image.png; path = 199.png; sourceTree = "<group>"; };
		1C973A0618B39AF80097D051 /* 2.png */ = {isa = PBXFileReference; lastKnownFileType = image.png; path = 2.png; sourceTree = "<group>"; };
		1C973A0718B39AF80097D051 /* 20.png */ = {isa = PBXFileReference; lastKnownFileType = image.png; path = 20.png; sourceTree = "<group>"; };
		1C973A0818B39AF80097D051 /* 200.png */ = {isa = PBXFileReference; lastKnownFileType = image.png; path = 200.png; sourceTree = "<group>"; };
		1C973A0918B39AF80097D051 /* 21.png */ = {isa = PBXFileReference; lastKnownFileType = image.png; path = 21.png; sourceTree = "<group>"; };
		1C973A0A18B39AF80097D051 /* 22.png */ = {isa = PBXFileReference; lastKnownFileType = image.png; path = 22.png; sourceTree = "<group>"; };
		1C973A0B18B39AF80097D051 /* 23.png */ = {isa = PBXFileReference; lastKnownFileType = image.png; path = 23.png; sourceTree = "<group>"; };
		1C973A0C18B39AF80097D051 /* 24.png */ = {isa = PBXFileReference; lastKnownFileType = image.png; path = 24.png; sourceTree = "<group>"; };
		1C973A0D18B39AF80097D051 /* 25.png */ = {isa = PBXFileReference; lastKnownFileType = image.png; path = 25.png; sourceTree = "<group>"; };
		1C973A0E18B39AF80097D051 /* 26.png */ = {isa = PBXFileReference; lastKnownFileType = image.png; path = 26.png; sourceTree = "<group>"; };
		1C973A0F18B39AF80097D051 /* 28.png */ = {isa = PBXFileReference; lastKnownFileType = image.png; path = 28.png; sourceTree = "<group>"; };
		1C973A1018B39AF80097D051 /* 29.png */ = {isa = PBXFileReference; lastKnownFileType = image.png; path = 29.png; sourceTree = "<group>"; };
		1C973A1118B39AF80097D051 /* 3.png */ = {isa = PBXFileReference; lastKnownFileType = image.png; path = 3.png; sourceTree = "<group>"; };
		1C973A1218B39AF80097D051 /* 30.png */ = {isa = PBXFileReference; lastKnownFileType = image.png; path = 30.png; sourceTree = "<group>"; };
		1C973A1318B39AF80097D051 /* 31.png */ = {isa = PBXFileReference; lastKnownFileType = image.png; path = 31.png; sourceTree = "<group>"; };
		1C973A1418B39AF80097D051 /* 32.png */ = {isa = PBXFileReference; lastKnownFileType = image.png; path = 32.png; sourceTree = "<group>"; };
		1C973A1518B39AF80097D051 /* 33.png */ = {isa = PBXFileReference; lastKnownFileType = image.png; path = 33.png; sourceTree = "<group>"; };
		1C973A1618B39AF80097D051 /* 34.png */ = {isa = PBXFileReference; lastKnownFileType = image.png; path = 34.png; sourceTree = "<group>"; };
		1C973A1718B39AF80097D051 /* 36.png */ = {isa = PBXFileReference; lastKnownFileType = image.png; path = 36.png; sourceTree = "<group>"; };
		1C973A1818B39AF80097D051 /* 37.png */ = {isa = PBXFileReference; lastKnownFileType = image.png; path = 37.png; sourceTree = "<group>"; };
		1C973A1918B39AF80097D051 /* 38.png */ = {isa = PBXFileReference; lastKnownFileType = image.png; path = 38.png; sourceTree = "<group>"; };
		1C973A1A18B39AF80097D051 /* 39.png */ = {isa = PBXFileReference; lastKnownFileType = image.png; path = 39.png; sourceTree = "<group>"; };
		1C973A1B18B39AF80097D051 /* 4.png */ = {isa = PBXFileReference; lastKnownFileType = image.png; path = 4.png; sourceTree = "<group>"; };
		1C973A1C18B39AF80097D051 /* 42.png */ = {isa = PBXFileReference; lastKnownFileType = image.png; path = 42.png; sourceTree = "<group>"; };
		1C973A1D18B39AF80097D051 /* 43.png */ = {isa = PBXFileReference; lastKnownFileType = image.png; path = 43.png; sourceTree = "<group>"; };
		1C973A1E18B39AF80097D051 /* 44.png */ = {isa = PBXFileReference; lastKnownFileType = image.png; path = 44.png; sourceTree = "<group>"; };
		1C973A1F18B39AF80097D051 /* 45.png */ = {isa = PBXFileReference; lastKnownFileType = image.png; path = 45.png; sourceTree = "<group>"; };
		1C973A2018B39AF80097D051 /* 46.png */ = {isa = PBXFileReference; lastKnownFileType = image.png; path = 46.png; sourceTree = "<group>"; };
		1C973A2118B39AF80097D051 /* 49.png */ = {isa = PBXFileReference; lastKnownFileType = image.png; path = 49.png; sourceTree = "<group>"; };
		1C973A2218B39AF80097D051 /* 51.png */ = {isa = PBXFileReference; lastKnownFileType = image.png; path = 51.png; sourceTree = "<group>"; };
		1C973A2318B39AF80097D051 /* 52.png */ = {isa = PBXFileReference; lastKnownFileType = image.png; path = 52.png; sourceTree = "<group>"; };
		1C973A2418B39AF80097D051 /* 53.png */ = {isa = PBXFileReference; lastKnownFileType = image.png; path = 53.png; sourceTree = "<group>"; };
		1C973A2518B39AF80097D051 /* 54.png */ = {isa = PBXFileReference; lastKnownFileType = image.png; path = 54.png; sourceTree = "<group>"; };
		1C973A2618B39AF80097D051 /* 55.png */ = {isa = PBXFileReference; lastKnownFileType = image.png; path = 55.png; sourceTree = "<group>"; };
		1C973A2718B39AF80097D051 /* bread.png */ = {isa = PBXFileReference; lastKnownFileType = image.png; path = bread.png; sourceTree = "<group>"; };
		1C973A2818B39AF80097D051 /* brocolli.png */ = {isa = PBXFileReference; lastKnownFileType = image.png; path = brocolli.png; sourceTree = "<group>"; };
		1C973A2918B39AF80097D051 /* cheese.png */ = {isa = PBXFileReference; lastKnownFileType = image.png; path = cheese.png; sourceTree = "<group>"; };
		1C973A2A18B39AF80097D051 /* cheese2.png */ = {isa = PBXFileReference; lastKnownFileType = image.png; path = cheese2.png; sourceTree = "<group>"; };
		1C973A2B18B39AF80097D051 /* chilli1.png */ = {isa = PBXFileReference; lastKnownFileType = image.png; path = chilli1.png; sourceTree = "<group>"; };
		1C973A2C18B39AF80097D051 /* chilli2.png */ = {isa = PBXFileReference; lastKnownFileType = image.png; path = chilli2.png; sourceTree = "<group>"; };
		1C973A2D18B39AF80097D051 /* chilli3.png */ = {isa = PBXFileReference; lastKnownFileType = image.png; path = chilli3.png; sourceTree = "<group>"; };
		1C973A2E18B39AF80097D051 /* coffee.png */ = {isa = PBXFileReference; lastKnownFileType = image.png; path = coffee.png; sourceTree = "<group>"; };
		1C973A2F18B39AF80097D051 /* corn.png */ = {isa = PBXFileReference; lastKnownFileType = image.png; path = corn.png; sourceTree = "<group>"; };
		1C973A3018B39AF80097D051 /* egg.png */ = {isa = PBXFileReference; lastKnownFileType = image.png; path = egg.png; sourceTree = "<group>"; };
		1C973A3118B39AF80097D051 /* egg2.png */ = {isa = PBXFileReference; lastKnownFileType = image.png; path = egg2.png; sourceTree = "<group>"; };
		1C973A3218B39AF80097D051 /* egg3.png */ = {isa = PBXFileReference; lastKnownFileType = image.png; path = egg3.png; sourceTree = "<group>"; };
		1C973A3318B39AF80097D051 /* fish.png */ = {isa = PBXFileReference; lastKnownFileType = image.png; path = fish.png; sourceTree = "<group>"; };
		1C973A3418B39AF80097D051 /* garlic.png */ = {isa = PBXFileReference; lastKnownFileType = image.png; path = garlic.png; sourceTree = "<group>"; };
		1C973A3518B39AF80097D051 /* garlic2.png */ = {isa = PBXFileReference; lastKnownFileType = image.png; path = garlic2.png; sourceTree = "<group>"; };
		1C973A3618B39AF80097D051 /* meat.png */ = {isa = PBXFileReference; lastKnownFileType = image.png; path = meat.png; sourceTree = "<group>"; };
		1C973A3718B39AF80097D051 /* meat1.png */ = {isa = PBXFileReference; lastKnownFileType = image.png; path = meat1.png; sourceTree = "<group>"; };
		1C973A3818B39AF80097D051 /* meat2.png */ = {isa = PBXFileReference; lastKnownFileType = image.png; path = meat2.png; sourceTree = "<group>"; };
		1C973A3918B39AF80097D051 /* mushroom.png */ = {isa = PBXFileReference; lastKnownFileType = image.png; path = mushroom.png; sourceTree = "<group>"; };
		1C973A3A18B39AF80097D051 /* time.png */ = {isa = PBXFileReference; lastKnownFileType = image.png; path = time.png; sourceTree = "<group>"; };
		1C973A3B18B39AF80097D051 /* AppDelegate.h */ = {isa = PBXFileReference; fileEncoding = 4; lastKnownFileType = sourcecode.c.h; path = AppDelegate.h; sourceTree = "<group>"; };
		1C973A3C18B39AF80097D051 /* AppDelegate.m */ = {isa = PBXFileReference; fileEncoding = 4; lastKnownFileType = sourcecode.c.objc; path = AppDelegate.m; sourceTree = "<group>"; };
		1C973A3F18B39AF80097D051 /* Base */ = {isa = PBXFileReference; lastKnownFileType = file.storyboard; name = Base; path = Main.storyboard; sourceTree = "<group>"; };
		1C973A4018B39AF80097D051 /* bookmark.png */ = {isa = PBXFileReference; lastKnownFileType = image.png; path = bookmark.png; sourceTree = "<group>"; };
		1C973A4218B39AF80097D051 /* Chef.me-Prefix.pch */ = {isa = PBXFileReference; fileEncoding = 4; lastKnownFileType = sourcecode.c.h; path = "Chef.me-Prefix.pch"; sourceTree = "<group>"; };
		1C973A4318B39AF80097D051 /* clock.png */ = {isa = PBXFileReference; lastKnownFileType = image.png; path = clock.png; sourceTree = "<group>"; };
		1C973A4518B39AF80097D051 /* MPAnimation.h */ = {isa = PBXFileReference; fileEncoding = 4; lastKnownFileType = sourcecode.c.h; path = MPAnimation.h; sourceTree = "<group>"; };
		1C973A4618B39AF80097D051 /* MPAnimation.m */ = {isa = PBXFileReference; fileEncoding = 4; lastKnownFileType = sourcecode.c.objc; path = MPAnimation.m; sourceTree = "<group>"; };
		1C973A4718B39AF80097D051 /* MPFlipEnumerations.h */ = {isa = PBXFileReference; fileEncoding = 4; lastKnownFileType = sourcecode.c.h; path = MPFlipEnumerations.h; sourceTree = "<group>"; };
		1C973A4818B39AF80097D051 /* MPFlipTransition.h */ = {isa = PBXFileReference; fileEncoding = 4; lastKnownFileType = sourcecode.c.h; path = MPFlipTransition.h; sourceTree = "<group>"; };
		1C973A4918B39AF80097D051 /* MPFlipTransition.m */ = {isa = PBXFileReference; fileEncoding = 4; lastKnownFileType = sourcecode.c.objc; path = MPFlipTransition.m; sourceTree = "<group>"; };
		1C973A4A18B39AF80097D051 /* MPFlipViewController.h */ = {isa = PBXFileReference; fileEncoding = 4; lastKnownFileType = sourcecode.c.h; path = MPFlipViewController.h; sourceTree = "<group>"; };
		1C973A4B18B39AF80097D051 /* MPFlipViewController.m */ = {isa = PBXFileReference; fileEncoding = 4; lastKnownFileType = sourcecode.c.objc; path = MPFlipViewController.m; sourceTree = "<group>"; };
		1C973A4C18B39AF80097D051 /* MPTransition.h */ = {isa = PBXFileReference; fileEncoding = 4; lastKnownFileType = sourcecode.c.h; path = MPTransition.h; sourceTree = "<group>"; };
		1C973A4D18B39AF80097D051 /* MPTransition.m */ = {isa = PBXFileReference; fileEncoding = 4; lastKnownFileType = sourcecode.c.objc; path = MPTransition.m; sourceTree = "<group>"; };
		1C973A4E18B39AF80097D051 /* MPTransitionEnumerations.h */ = {isa = PBXFileReference; fileEncoding = 4; lastKnownFileType = sourcecode.c.h; path = MPTransitionEnumerations.h; sourceTree = "<group>"; };
		1C973A4F18B39AF80097D051 /* ContentViewController.h */ = {isa = PBXFileReference; fileEncoding = 4; lastKnownFileType = sourcecode.c.h; path = ContentViewController.h; sourceTree = "<group>"; };
		1C973A5018B39AF80097D051 /* ContentViewController.m */ = {isa = PBXFileReference; fileEncoding = 4; lastKnownFileType = sourcecode.c.objc; path = ContentViewController.m; sourceTree = "<group>"; };
		1C973A5118B39AF80097D051 /* ContentViewController.xib */ = {isa = PBXFileReference; fileEncoding = 4; lastKnownFileType = file.xib; path = ContentViewController.xib; sourceTree = "<group>"; };
		1C973A5218B39AF80097D051 /* DetailViewController.h */ = {isa = PBXFileReference; fileEncoding = 4; lastKnownFileType = sourcecode.c.h; path = DetailViewController.h; sourceTree = "<group>"; };
		1C973A5318B39AF80097D051 /* DetailViewController.m */ = {isa = PBXFileReference; fileEncoding = 4; lastKnownFileType = sourcecode.c.objc; path = DetailViewController.m; sourceTree = "<group>"; };
		1C973A5418B39AF80097D051 /* DetailViewController.xib */ = {isa = PBXFileReference; fileEncoding = 4; lastKnownFileType = file.xib; path = DetailViewController.xib; sourceTree = "<group>"; };
		1C973A5718B39AF80097D051 /* en */ = {isa = PBXFileReference; lastKnownFileType = text.plist.strings; name = en; path = InfoPlist.strings; sourceTree = "<group>"; };
		1C973A5818B39AF80097D051 /* image1.jpg */ = {isa = PBXFileReference; lastKnownFileType = image.jpeg; path = image1.jpg; sourceTree = "<group>"; };
		1C973A5918B39AF80097D051 /* image2.jpg */ = {isa = PBXFileReference; lastKnownFileType = image.jpeg; path = image2.jpg; sourceTree = "<group>"; };
		1C973A5A18B39AF80097D051 /* image3.jpg */ = {isa = PBXFileReference; lastKnownFileType = image.jpeg; path = image3.jpg; sourceTree = "<group>"; };
		1C973A5B18B39AF80097D051 /* image4.jpg */ = {isa = PBXFileReference; lastKnownFileType = image.jpeg; path = image4.jpg; sourceTree = "<group>"; };
		1C973A5C18B39AF80097D051 /* image5.jpg */ = {isa = PBXFileReference; lastKnownFileType = image.jpeg; path = image5.jpg; sourceTree = "<group>"; };
		1C973A5D18B39AF80097D051 /* image6.jpg */ = {isa = PBXFileReference; lastKnownFileType = image.jpeg; path = image6.jpg; sourceTree = "<group>"; };
		1C973A5E18B39AF80097D051 /* image7.jpg */ = {isa = PBXFileReference; lastKnownFileType = image.jpeg; path = image7.jpg; sourceTree = "<group>"; };
		1C973A5F18B39AF80097D051 /* image8.jpg */ = {isa = PBXFileReference; lastKnownFileType = image.jpeg; path = image8.jpg; sourceTree = "<group>"; };
		1C973A6018B39AF80097D051 /* image9.jpg */ = {isa = PBXFileReference; lastKnownFileType = image.jpeg; path = image9.jpg; sourceTree = "<group>"; };
		1C973A6118B39AF80097D051 /* image10.jpg */ = {isa = PBXFileReference; lastKnownFileType = image.jpeg; path = image10.jpg; sourceTree = "<group>"; };
		1C973A6218B39AF80097D051 /* image11.jpg */ = {isa = PBXFileReference; lastKnownFileType = image.jpeg; path = image11.jpg; sourceTree = "<group>"; };
		1C973A6318B39AF80097D051 /* image12.jpg */ = {isa = PBXFileReference; lastKnownFileType = image.jpeg; path = image12.jpg; sourceTree = "<group>"; };
		1C973A6418B39AF80097D051 /* image13.jpg */ = {isa = PBXFileReference; lastKnownFileType = image.jpeg; path = image13.jpg; sourceTree = "<group>"; };
		1C973A6518B39AF80097D051 /* image14.jpg */ = {isa = PBXFileReference; lastKnownFileType = image.jpeg; path = image14.jpg; sourceTree = "<group>"; };
		1C973A6618B39AF80097D051 /* image15.jpg */ = {isa = PBXFileReference; lastKnownFileType = image.jpeg; path = image15.jpg; sourceTree = "<group>"; };
		1C973A6718B39AF80097D051 /* image16.jpg */ = {isa = PBXFileReference; lastKnownFileType = image.jpeg; path = image16.jpg; sourceTree = "<group>"; };
		1C973A6818B39AF80097D051 /* image17.jpg */ = {isa = PBXFileReference; lastKnownFileType = image.jpeg; path = image17.jpg; sourceTree = "<group>"; };
		1C973A6918B39AF80097D051 /* image18.jpg */ = {isa = PBXFileReference; lastKnownFileType = image.jpeg; path = image18.jpg; sourceTree = "<group>"; };
		1C973A6A18B39AF80097D051 /* image19.jpg */ = {isa = PBXFileReference; lastKnownFileType = image.jpeg; path = image19.jpg; sourceTree = "<group>"; };
		1C973A6B18B39AF80097D051 /* image20.jpg */ = {isa = PBXFileReference; lastKnownFileType = image.jpeg; path = image20.jpg; sourceTree = "<group>"; };
		1C973A6C18B39AF80097D051 /* image21.jpg */ = {isa = PBXFileReference; lastKnownFileType = image.jpeg; path = image21.jpg; sourceTree = "<group>"; };
		1C973A6D18B39AF80097D051 /* image22.jpg */ = {isa = PBXFileReference; lastKnownFileType = image.jpeg; path = image22.jpg; sourceTree = "<group>"; };
		1C973A6E18B39AF80097D051 /* image23.jpg */ = {isa = PBXFileReference; lastKnownFileType = image.jpeg; path = image23.jpg; sourceTree = "<group>"; };
		1C973A6F18B39AF80097D051 /* image24.jpg */ = {isa = PBXFileReference; lastKnownFileType = image.jpeg; path = image24.jpg; sourceTree = "<group>"; };
		1C973A7018B39AF80097D051 /* Images.xcassets */ = {isa = PBXFileReference; lastKnownFileType = folder.assetcatalog; path = Images.xcassets; sourceTree = "<group>"; };
		1C973A7118B39AF80097D051 /* IngredientsViewController.h */ = {isa = PBXFileReference; fileEncoding = 4; lastKnownFileType = sourcecode.c.h; path = IngredientsViewController.h; sourceTree = "<group>"; };
		1C973A7218B39AF80097D051 /* IngredientsViewController.m */ = {isa = PBXFileReference; fileEncoding = 4; lastKnownFileType = sourcecode.c.objc; path = IngredientsViewController.m; sourceTree = "<group>"; };
		1C973A7318B39AF80097D051 /* IngredientsViewController.xib */ = {isa = PBXFileReference; fileEncoding = 4; lastKnownFileType = file.xib; path = IngredientsViewController.xib; sourceTree = "<group>"; };
		1C973A7418B39AF80097D051 /* LoginViewController.h */ = {isa = PBXFileReference; fileEncoding = 4; lastKnownFileType = sourcecode.c.h; path = LoginViewController.h; sourceTree = "<group>"; };
		1C973A7518B39AF80097D051 /* LoginViewController.m */ = {isa = PBXFileReference; fileEncoding = 4; lastKnownFileType = sourcecode.c.objc; path = LoginViewController.m; sourceTree = "<group>"; };
		1C973A7618B39AF80097D051 /* LoginViewController.xib */ = {isa = PBXFileReference; fileEncoding = 4; lastKnownFileType = file.xib; path = LoginViewController.xib; sourceTree = "<group>"; };
		1C973A7818B39AF80097D051 /* MainViewController.h */ = {isa = PBXFileReference; fileEncoding = 4; lastKnownFileType = sourcecode.c.h; path = MainViewController.h; sourceTree = "<group>"; };
		1C973A7918B39AF80097D051 /* MainViewController.m */ = {isa = PBXFileReference; fileEncoding = 4; lastKnownFileType = sourcecode.c.objc; path = MainViewController.m; sourceTree = "<group>"; };
		1C973A7A18B39AF80097D051 /* MainViewController.xib */ = {isa = PBXFileReference; fileEncoding = 4; lastKnownFileType = file.xib; path = MainViewController.xib; sourceTree = "<group>"; };
		1C973A7B18B39AF80097D051 /* NSDictionary+CPAdditions.h */ = {isa = PBXFileReference; fileEncoding = 4; lastKnownFileType = sourcecode.c.h; path = "NSDictionary+CPAdditions.h"; sourceTree = "<group>"; };
		1C973A7C18B39AF80097D051 /* NSDictionary+CPAdditions.m */ = {isa = PBXFileReference; fileEncoding = 4; lastKnownFileType = sourcecode.c.objc; path = "NSDictionary+CPAdditions.m"; sourceTree = "<group>"; };
		1C973A7D18B39AF80097D051 /* PropertyConfigViewController.h */ = {isa = PBXFileReference; fileEncoding = 4; lastKnownFileType = sourcecode.c.h; path = PropertyConfigViewController.h; sourceTree = "<group>"; };
		1C973A7E18B39AF80097D051 /* PropertyConfigViewController.m */ = {isa = PBXFileReference; fileEncoding = 4; lastKnownFileType = sourcecode.c.objc; path = PropertyConfigViewController.m; sourceTree = "<group>"; };
		1C973A7F18B39AF80097D051 /* PropertyConfigViewController.xib */ = {isa = PBXFileReference; fileEncoding = 4; lastKnownFileType = file.xib; path = PropertyConfigViewController.xib; sourceTree = "<group>"; };
		1C973A8018B39AF80097D051 /* Recipe.h */ = {isa = PBXFileReference; fileEncoding = 4; lastKnownFileType = sourcecode.c.h; path = Recipe.h; sourceTree = "<group>"; };
		1C973A8118B39AF80097D051 /* Recipe.m */ = {isa = PBXFileReference; fileEncoding = 4; lastKnownFileType = sourcecode.c.objc; path = Recipe.m; sourceTree = "<group>"; };
		1C973A8218B39AF80097D051 /* RecipeCell.h */ = {isa = PBXFileReference; fileEncoding = 4; lastKnownFileType = sourcecode.c.h; path = RecipeCell.h; sourceTree = "<group>"; };
		1C973A8318B39AF80097D051 /* RecipeCell.m */ = {isa = PBXFileReference; fileEncoding = 4; lastKnownFileType = sourcecode.c.objc; path = RecipeCell.m; sourceTree = "<group>"; };
		1C973A8418B39AF80097D051 /* RecipeListCell.xib */ = {isa = PBXFileReference; fileEncoding = 4; lastKnownFileType = file.xib; path = RecipeListCell.xib; sourceTree = "<group>"; };
		1C973A8518B39AF80097D051 /* RecipeListViewController.h */ = {isa = PBXFileReference; fileEncoding = 4; lastKnownFileType = sourcecode.c.h; path = RecipeListViewController.h; sourceTree = "<group>"; };
		1C973A8618B39AF80097D051 /* RecipeListViewController.m */ = {isa = PBXFileReference; fileEncoding = 4; lastKnownFileType = sourcecode.c.objc; path = RecipeListViewController.m; sourceTree = "<group>"; };
		1C973A8718B39AF80097D051 /* RecipeListViewController.xib */ = {isa = PBXFileReference; fileEncoding = 4; lastKnownFileType = file.xib; path = RecipeListViewController.xib; sourceTree = "<group>"; };
		1C973A8818B39AF80097D051 /* RestObject.h */ = {isa = PBXFileReference; fileEncoding = 4; lastKnownFileType = sourcecode.c.h; path = RestObject.h; sourceTree = "<group>"; };
		1C973A8918B39AF80097D051 /* RestObject.m */ = {isa = PBXFileReference; fileEncoding = 4; lastKnownFileType = sourcecode.c.objc; path = RestObject.m; sourceTree = "<group>"; };
		1C973A8A18B39AF80097D051 /* star.png */ = {isa = PBXFileReference; lastKnownFileType = image.png; path = star.png; sourceTree = "<group>"; };
		1C973A8B18B39AF80097D051 /* StepsViewController.h */ = {isa = PBXFileReference; fileEncoding = 4; lastKnownFileType = sourcecode.c.h; path = StepsViewController.h; sourceTree = "<group>"; };
		1C973A8C18B39AF80097D051 /* StepsViewController.m */ = {isa = PBXFileReference; fileEncoding = 4; lastKnownFileType = sourcecode.c.objc; path = StepsViewController.m; sourceTree = "<group>"; };
		1C973A8D18B39AF80097D051 /* StepsViewController.xib */ = {isa = PBXFileReference; fileEncoding = 4; lastKnownFileType = file.xib; path = StepsViewController.xib; sourceTree = "<group>"; };
		1C973A8E18B39AF90097D051 /* TabbedController.xib */ = {isa = PBXFileReference; fileEncoding = 4; lastKnownFileType = file.xib; path = TabbedController.xib; sourceTree = "<group>"; };
		1C973A8F18B39AF90097D051 /* TagFinder.h */ = {isa = PBXFileReference; fileEncoding = 4; lastKnownFileType = sourcecode.c.h; path = TagFinder.h; sourceTree = "<group>"; };
		1C973A9018B39AF90097D051 /* TagFinder.m */ = {isa = PBXFileReference; fileEncoding = 4; lastKnownFileType = sourcecode.c.objc; path = TagFinder.m; sourceTree = "<group>"; };
		1C973A9118B39AF90097D051 /* UserAccountViewController.h */ = {isa = PBXFileReference; fileEncoding = 4; lastKnownFileType = sourcecode.c.h; path = UserAccountViewController.h; sourceTree = "<group>"; };
		1C973A9218B39AF90097D051 /* UserAccountViewController.m */ = {isa = PBXFileReference; fileEncoding = 4; lastKnownFileType = sourcecode.c.objc; path = UserAccountViewController.m; sourceTree = "<group>"; };
		1C973A9318B39AF90097D051 /* UserAccountViewController.xib */ = {isa = PBXFileReference; fileEncoding = 4; lastKnownFileType = file.xib; path = UserAccountViewController.xib; sourceTree = "<group>"; };
		1C973A9418B39AF90097D051 /* Utilities.h */ = {isa = PBXFileReference; fileEncoding = 4; lastKnownFileType = sourcecode.c.h; path = Utilities.h; sourceTree = "<group>"; };
		1C973A9518B39AF90097D051 /* Utilities.m */ = {isa = PBXFileReference; fileEncoding = 4; lastKnownFileType = sourcecode.c.objc; path = Utilities.m; sourceTree = "<group>"; };
		1C973A9618B39AF90097D051 /* YummlyClient.h */ = {isa = PBXFileReference; fileEncoding = 4; lastKnownFileType = sourcecode.c.h; path = YummlyClient.h; sourceTree = "<group>"; };
		1C973A9718B39AF90097D051 /* YummlyClient.m */ = {isa = PBXFileReference; fileEncoding = 4; lastKnownFileType = sourcecode.c.objc; path = YummlyClient.m; sourceTree = "<group>"; };
		1C973B2918B39F680097D051 /* AudioToolbox.framework */ = {isa = PBXFileReference; lastKnownFileType = wrapper.framework; name = AudioToolbox.framework; path = System/Library/Frameworks/AudioToolbox.framework; sourceTree = SDKROOT; };
		1C973B2A18B39F680097D051 /* CFNetwork.framework */ = {isa = PBXFileReference; lastKnownFileType = wrapper.framework; name = CFNetwork.framework; path = System/Library/Frameworks/CFNetwork.framework; sourceTree = SDKROOT; };
		1C973B2B18B39F680097D051 /* CoreLocation.framework */ = {isa = PBXFileReference; lastKnownFileType = wrapper.framework; name = CoreLocation.framework; path = System/Library/Frameworks/CoreLocation.framework; sourceTree = SDKROOT; };
		1C973B2C18B39F680097D051 /* libz.dylib */ = {isa = PBXFileReference; lastKnownFileType = "compiled.mach-o.dylib"; name = libz.dylib; path = usr/lib/libz.dylib; sourceTree = SDKROOT; };
		1C973B2D18B39F680097D051 /* MobileCoreServices.framework */ = {isa = PBXFileReference; lastKnownFileType = wrapper.framework; name = MobileCoreServices.framework; path = System/Library/Frameworks/MobileCoreServices.framework; sourceTree = SDKROOT; };
		1C973B3318B39FAE0097D051 /* SystemConfiguration.framework */ = {isa = PBXFileReference; lastKnownFileType = wrapper.framework; name = SystemConfiguration.framework; path = System/Library/Frameworks/SystemConfiguration.framework; sourceTree = SDKROOT; };
		1C973B3518B39FB70097D051 /* QuartzCore.framework */ = {isa = PBXFileReference; lastKnownFileType = wrapper.framework; name = QuartzCore.framework; path = System/Library/Frameworks/QuartzCore.framework; sourceTree = SDKROOT; };
		1C973B3718B39FC10097D051 /* StoreKit.framework */ = {isa = PBXFileReference; lastKnownFileType = wrapper.framework; name = StoreKit.framework; path = System/Library/Frameworks/StoreKit.framework; sourceTree = SDKROOT; };
		1C973B3918B39FCC0097D051 /* Security.framework */ = {isa = PBXFileReference; lastKnownFileType = wrapper.framework; name = Security.framework; path = System/Library/Frameworks/Security.framework; sourceTree = SDKROOT; };
		1C973B3D18B3A5AC0097D051 /* Chef.meV2-Info.plist */ = {isa = PBXFileReference; fileEncoding = 4; lastKnownFileType = text.plist.xml; path = "Chef.meV2-Info.plist"; sourceTree = "<group>"; };
		911724CEE35648C484FD344E /* libPods.a */ = {isa = PBXFileReference; explicitFileType = archive.ar; includeInIndex = 0; path = libPods.a; sourceTree = BUILT_PRODUCTS_DIR; };
		F5548F19299B4D979EBEFC75 /* Pods.xcconfig */ = {isa = PBXFileReference; includeInIndex = 1; lastKnownFileType = text.xcconfig; name = Pods.xcconfig; path = Pods/Pods.xcconfig; sourceTree = "<group>"; };
/* End PBXFileReference section */

/* Begin PBXFrameworksBuildPhase section */
		1C9739BC18B39AB20097D051 /* Frameworks */ = {
			isa = PBXFrameworksBuildPhase;
			buildActionMask = 2147483647;
			files = (
				1C973B3A18B39FCC0097D051 /* Security.framework in Frameworks */,
				1C973B3818B39FC10097D051 /* StoreKit.framework in Frameworks */,
				1C973B3618B39FB70097D051 /* QuartzCore.framework in Frameworks */,
				1C973B3418B39FAE0097D051 /* SystemConfiguration.framework in Frameworks */,
				1C973B2E18B39F680097D051 /* AudioToolbox.framework in Frameworks */,
				1C973B2F18B39F680097D051 /* CFNetwork.framework in Frameworks */,
				1C973B3018B39F680097D051 /* CoreLocation.framework in Frameworks */,
				1C973B3118B39F680097D051 /* libz.dylib in Frameworks */,
				1C973B3218B39F680097D051 /* MobileCoreServices.framework in Frameworks */,
				1C9739C518B39AB20097D051 /* CoreGraphics.framework in Frameworks */,
				1C426B3C18B9789F0058291B /* Parse.framework in Frameworks */,
				1C426B3E18B979720058291B /* FacebookSDK.framework in Frameworks */,
				1C9739C718B39AB20097D051 /* UIKit.framework in Frameworks */,
				1C9739C318B39AB20097D051 /* Foundation.framework in Frameworks */,
				CE4C43F064FC464781A54F3A /* libPods.a in Frameworks */,
			);
			runOnlyForDeploymentPostprocessing = 0;
		};
		1C9739D718B39AB20097D051 /* Frameworks */ = {
			isa = PBXFrameworksBuildPhase;
			buildActionMask = 2147483647;
			files = (
				1C9739DC18B39AB20097D051 /* XCTest.framework in Frameworks */,
				1C9739DE18B39AB20097D051 /* UIKit.framework in Frameworks */,
				1C9739DD18B39AB20097D051 /* Foundation.framework in Frameworks */,
			);
			runOnlyForDeploymentPostprocessing = 0;
		};
/* End PBXFrameworksBuildPhase section */

/* Begin PBXGroup section */
		1C4A866218B9A37700F896B9 /* MHTabBarController */ = {
			isa = PBXGroup;
			children = (
				1C4A866318B9A37700F896B9 /* MHTabBarActiveTab.png */,
				1C4A866418B9A37700F896B9 /* MHTabBarActiveTab@2x.png */,
				1C4A866518B9A37700F896B9 /* MHTabBarController.h */,
				1C4A866618B9A37700F896B9 /* MHTabBarController.m */,
				1C4A866718B9A37700F896B9 /* MHTabBarInactiveTab.png */,
				1C4A866818B9A37700F896B9 /* MHTabBarInactiveTab@2x.png */,
				1C4A866918B9A37700F896B9 /* MHTabBarIndicator.png */,
				1C4A866A18B9A37700F896B9 /* MHTabBarIndicator@2x.png */,
			);
			path = MHTabBarController;
			sourceTree = "<group>";
		};
		1C9739B618B39AB20097D051 = {
			isa = PBXGroup;
			children = (
				1C973B3D18B3A5AC0097D051 /* Chef.meV2-Info.plist */,
				1C973B2518B39B700097D051 /* images */,
				1C973A3D18B39AF80097D051 /* Base.lproj */,
				1C973A4218B39AF80097D051 /* Chef.me-Prefix.pch */,
				1C973A5518B39AF80097D051 /* en.lproj */,
				1C973A7018B39AF80097D051 /* Images.xcassets */,
				1C9739C818B39AB20097D051 /* Chef.meV2 */,
				1C9739E118B39AB20097D051 /* Chef.meV2Tests */,
				1C9739C118B39AB20097D051 /* Frameworks */,
				1C9739C018B39AB20097D051 /* Products */,
				F5548F19299B4D979EBEFC75 /* Pods.xcconfig */,
			);
			sourceTree = "<group>";
		};
		1C9739C018B39AB20097D051 /* Products */ = {
			isa = PBXGroup;
			children = (
				1C9739BF18B39AB20097D051 /* Chef.meV2.app */,
				1C9739DA18B39AB20097D051 /* Chef.meV2Tests.xctest */,
			);
			name = Products;
			sourceTree = "<group>";
		};
		1C9739C118B39AB20097D051 /* Frameworks */ = {
			isa = PBXGroup;
			children = (
				1C426B3D18B979720058291B /* FacebookSDK.framework */,
				1C426B3B18B9789F0058291B /* Parse.framework */,
				1C973B3918B39FCC0097D051 /* Security.framework */,
				1C973B3718B39FC10097D051 /* StoreKit.framework */,
				1C973B3518B39FB70097D051 /* QuartzCore.framework */,
				1C973B3318B39FAE0097D051 /* SystemConfiguration.framework */,
				1C973B2918B39F680097D051 /* AudioToolbox.framework */,
				1C973B2A18B39F680097D051 /* CFNetwork.framework */,
				1C973B2B18B39F680097D051 /* CoreLocation.framework */,
				1C973B2C18B39F680097D051 /* libz.dylib */,
				1C973B2D18B39F680097D051 /* MobileCoreServices.framework */,
				1C9739C218B39AB20097D051 /* Foundation.framework */,
				1C9739C418B39AB20097D051 /* CoreGraphics.framework */,
				1C9739C618B39AB20097D051 /* UIKit.framework */,
				1C9739DB18B39AB20097D051 /* XCTest.framework */,
				911724CEE35648C484FD344E /* libPods.a */,
			);
			name = Frameworks;
			sourceTree = "<group>";
		};
		1C9739C818B39AB20097D051 /* Chef.meV2 */ = {
			isa = PBXGroup;
			children = (
				1C973B2618B39C680097D051 /* Classes */,
				1C9739C918B39AB20097D051 /* Supporting Files */,
			);
			path = Chef.meV2;
			sourceTree = "<group>";
		};
		1C9739C918B39AB20097D051 /* Supporting Files */ = {
			isa = PBXGroup;
			children = (
				1C9739CB18B39AB20097D051 /* InfoPlist.strings */,
				1C9739CE18B39AB20097D051 /* main.m */,
				1C9739D018B39AB20097D051 /* Chef.meV2-Prefix.pch */,
			);
			name = "Supporting Files";
			sourceTree = "<group>";
		};
		1C9739E118B39AB20097D051 /* Chef.meV2Tests */ = {
			isa = PBXGroup;
			children = (
				1C9739E718B39AB20097D051 /* Chef_meV2Tests.m */,
				1C9739E218B39AB20097D051 /* Supporting Files */,
			);
			path = Chef.meV2Tests;
			sourceTree = "<group>";
		};
		1C9739E218B39AB20097D051 /* Supporting Files */ = {
			isa = PBXGroup;
			children = (
				1C9739E318B39AB20097D051 /* Chef.meV2Tests-Info.plist */,
				1C9739E418B39AB20097D051 /* InfoPlist.strings */,
			);
			name = "Supporting Files";
			sourceTree = "<group>";
		};
		1C9739F118B39AF80097D051 /* 32 px */ = {
			isa = PBXGroup;
			children = (
				1C9739F218B39AF80097D051 /* 123.png */,
				1C9739F318B39AF80097D051 /* 13.png */,
				1C9739F418B39AF80097D051 /* 132.png */,
				1C9739F518B39AF80097D051 /* 180.png */,
				1C9739F618B39AF80097D051 /* 181.png */,
				1C9739F718B39AF80097D051 /* 182.png */,
				1C9739F818B39AF80097D051 /* 183.png */,
				1C9739F918B39AF80097D051 /* 184.png */,
				1C9739FA18B39AF80097D051 /* 185.png */,
				1C9739FB18B39AF80097D051 /* 186.png */,
				1C9739FC18B39AF80097D051 /* 189.png */,
				1C9739FD18B39AF80097D051 /* 191.png */,
				1C9739FE18B39AF80097D051 /* 192.png */,
				1C9739FF18B39AF80097D051 /* 193.png */,
				1C973A0018B39AF80097D051 /* 194.png */,
				1C973A0118B39AF80097D051 /* 195.png */,
				1C973A0218B39AF80097D051 /* 196.png */,
				1C973A0318B39AF80097D051 /* 197.png */,
				1C973A0418B39AF80097D051 /* 198.png */,
				1C973A0518B39AF80097D051 /* 199.png */,
				1C973A0618B39AF80097D051 /* 2.png */,
				1C973A0718B39AF80097D051 /* 20.png */,
				1C973A0818B39AF80097D051 /* 200.png */,
				1C973A0918B39AF80097D051 /* 21.png */,
				1C973A0A18B39AF80097D051 /* 22.png */,
				1C973A0B18B39AF80097D051 /* 23.png */,
				1C973A0C18B39AF80097D051 /* 24.png */,
				1C973A0D18B39AF80097D051 /* 25.png */,
				1C973A0E18B39AF80097D051 /* 26.png */,
				1C973A0F18B39AF80097D051 /* 28.png */,
				1C973A1018B39AF80097D051 /* 29.png */,
				1C973A1118B39AF80097D051 /* 3.png */,
				1C973A1218B39AF80097D051 /* 30.png */,
				1C973A1318B39AF80097D051 /* 31.png */,
				1C973A1418B39AF80097D051 /* 32.png */,
				1C973A1518B39AF80097D051 /* 33.png */,
				1C973A1618B39AF80097D051 /* 34.png */,
				1C973A1718B39AF80097D051 /* 36.png */,
				1C973A1818B39AF80097D051 /* 37.png */,
				1C973A1918B39AF80097D051 /* 38.png */,
				1C973A1A18B39AF80097D051 /* 39.png */,
				1C973A1B18B39AF80097D051 /* 4.png */,
				1C973A1C18B39AF80097D051 /* 42.png */,
				1C973A1D18B39AF80097D051 /* 43.png */,
				1C973A1E18B39AF80097D051 /* 44.png */,
				1C973A1F18B39AF80097D051 /* 45.png */,
				1C973A2018B39AF80097D051 /* 46.png */,
				1C973A2118B39AF80097D051 /* 49.png */,
				1C973A2218B39AF80097D051 /* 51.png */,
				1C973A2318B39AF80097D051 /* 52.png */,
				1C973A2418B39AF80097D051 /* 53.png */,
				1C973A2518B39AF80097D051 /* 54.png */,
				1C973A2618B39AF80097D051 /* 55.png */,
				1C973A2718B39AF80097D051 /* bread.png */,
				1C973A2818B39AF80097D051 /* brocolli.png */,
				1C973A2918B39AF80097D051 /* cheese.png */,
				1C973A2A18B39AF80097D051 /* cheese2.png */,
				1C973A2B18B39AF80097D051 /* chilli1.png */,
				1C973A2C18B39AF80097D051 /* chilli2.png */,
				1C973A2D18B39AF80097D051 /* chilli3.png */,
				1C973A2E18B39AF80097D051 /* coffee.png */,
				1C973A2F18B39AF80097D051 /* corn.png */,
				1C973A3018B39AF80097D051 /* egg.png */,
				1C973A3118B39AF80097D051 /* egg2.png */,
				1C973A3218B39AF80097D051 /* egg3.png */,
				1C973A3318B39AF80097D051 /* fish.png */,
				1C973A3418B39AF80097D051 /* garlic.png */,
				1C973A3518B39AF80097D051 /* garlic2.png */,
				1C973A3618B39AF80097D051 /* meat.png */,
				1C973A3718B39AF80097D051 /* meat1.png */,
				1C973A3818B39AF80097D051 /* meat2.png */,
				1C973A3918B39AF80097D051 /* mushroom.png */,
				1C973A3A18B39AF80097D051 /* time.png */,
			);
			path = "32 px";
			sourceTree = "<group>";
		};
		1C973A3D18B39AF80097D051 /* Base.lproj */ = {
			isa = PBXGroup;
			children = (
				1C973A3E18B39AF80097D051 /* Main.storyboard */,
			);
			path = Base.lproj;
			sourceTree = "<group>";
		};
		1C973A4418B39AF80097D051 /* Container */ = {
			isa = PBXGroup;
			children = (
				1C4A866218B9A37700F896B9 /* MHTabBarController */,
				1C973A4518B39AF80097D051 /* MPAnimation.h */,
				1C973A4618B39AF80097D051 /* MPAnimation.m */,
				1C973A4718B39AF80097D051 /* MPFlipEnumerations.h */,
				1C973A4818B39AF80097D051 /* MPFlipTransition.h */,
				1C973A4918B39AF80097D051 /* MPFlipTransition.m */,
				1C973A4A18B39AF80097D051 /* MPFlipViewController.h */,
				1C973A4B18B39AF80097D051 /* MPFlipViewController.m */,
				1C973A4C18B39AF80097D051 /* MPTransition.h */,
				1C973A4D18B39AF80097D051 /* MPTransition.m */,
				1C973A4E18B39AF80097D051 /* MPTransitionEnumerations.h */,
			);
			path = Container;
			sourceTree = "<group>";
		};
		1C973A5518B39AF80097D051 /* en.lproj */ = {
			isa = PBXGroup;
			children = (
				1C973A5618B39AF80097D051 /* InfoPlist.strings */,
			);
			path = en.lproj;
			sourceTree = "<group>";
		};
		1C973B2118B39B0B0097D051 /* Model */ = {
			isa = PBXGroup;
			children = (
				1C426B3F18B9842D0058291B /* ShoppingCart.h */,
				1C426B4018B9842D0058291B /* ShoppingCart.m */,
				1C973A8818B39AF80097D051 /* RestObject.h */,
				1C973A8918B39AF80097D051 /* RestObject.m */,
				1C973A8018B39AF80097D051 /* Recipe.h */,
				1C973A8118B39AF80097D051 /* Recipe.m */,
				1C973A8218B39AF80097D051 /* RecipeCell.h */,
				1C973A8318B39AF80097D051 /* RecipeCell.m */,
				1C426B3218B95C8D0058291B /* TabbedViewFooter.xib */,
				1C426B4218B984830058291B /* ShoppingCartItem.h */,
				1C426B4318B984830058291B /* ShoppingCartItem.m */,
			);
			name = Model;
			sourceTree = "<group>";
		};
		1C973B2218B39B180097D051 /* View */ = {
			isa = PBXGroup;
			children = (
			);
			name = View;
			sourceTree = "<group>";
		};
		1C973B2318B39B280097D051 /* Controller */ = {
			isa = PBXGroup;
			children = (
				1C426B3418B9644B0058291B /* ShoppingCartRowCell.h */,
				1C426B3518B9644B0058291B /* ShoppingCartRowCell.m */,
				1C426B3918B9657B0058291B /* ShoppingCartRowCell.xib */,
				1C426B2B18B957D60058291B /* ShoppingCartController.h */,
				1C426B2C18B957D60058291B /* ShoppingCartController.m */,
				1C426B2D18B957D60058291B /* ShoppingCartController.xib */,
				1C973A9118B39AF90097D051 /* UserAccountViewController.h */,
				1C973A9218B39AF90097D051 /* UserAccountViewController.m */,
				1C973A9318B39AF90097D051 /* UserAccountViewController.xib */,
				1C973A8B18B39AF80097D051 /* StepsViewController.h */,
				1C973A8C18B39AF80097D051 /* StepsViewController.m */,
				1C973A8D18B39AF80097D051 /* StepsViewController.xib */,
				1C973A8E18B39AF90097D051 /* TabbedController.xib */,
				1C973A8418B39AF80097D051 /* RecipeListCell.xib */,
				1C973A8518B39AF80097D051 /* RecipeListViewController.h */,
				1C973A8618B39AF80097D051 /* RecipeListViewController.m */,
				1C973A8718B39AF80097D051 /* RecipeListViewController.xib */,
				1C973A7118B39AF80097D051 /* IngredientsViewController.h */,
				1C973A7218B39AF80097D051 /* IngredientsViewController.m */,
				1C973A7318B39AF80097D051 /* IngredientsViewController.xib */,
				1C973A7418B39AF80097D051 /* LoginViewController.h */,
				1C973A7518B39AF80097D051 /* LoginViewController.m */,
				1C973A7618B39AF80097D051 /* LoginViewController.xib */,
				1C973A7818B39AF80097D051 /* MainViewController.h */,
				1C973A7918B39AF80097D051 /* MainViewController.m */,
				1C973A7A18B39AF80097D051 /* MainViewController.xib */,
				1C973A7B18B39AF80097D051 /* NSDictionary+CPAdditions.h */,
				1C973A7C18B39AF80097D051 /* NSDictionary+CPAdditions.m */,
				1C973A7D18B39AF80097D051 /* PropertyConfigViewController.h */,
				1C973A7E18B39AF80097D051 /* PropertyConfigViewController.m */,
				1C973A7F18B39AF80097D051 /* PropertyConfigViewController.xib */,
				1C973A4F18B39AF80097D051 /* ContentViewController.h */,
				1C973A5018B39AF80097D051 /* ContentViewController.m */,
				1C973A5118B39AF80097D051 /* ContentViewController.xib */,
				1C973A5218B39AF80097D051 /* DetailViewController.h */,
				1C973A5318B39AF80097D051 /* DetailViewController.m */,
				1C973A5418B39AF80097D051 /* DetailViewController.xib */,
			);
			name = Controller;
			sourceTree = "<group>";
		};
		1C973B2418B39B350097D051 /* Utilities */ = {
			isa = PBXGroup;
			children = (
				1C973A8F18B39AF90097D051 /* TagFinder.h */,
				1C973A9018B39AF90097D051 /* TagFinder.m */,
				1C973A9418B39AF90097D051 /* Utilities.h */,
				1C973A9518B39AF90097D051 /* Utilities.m */,
				1C973A9618B39AF90097D051 /* YummlyClient.h */,
				1C973A9718B39AF90097D051 /* YummlyClient.m */,
			);
			name = Utilities;
			sourceTree = "<group>";
		};
		1C973B2518B39B700097D051 /* images */ = {
			isa = PBXGroup;
			children = (
				1C9739F118B39AF80097D051 /* 32 px */,
				1C973A4018B39AF80097D051 /* bookmark.png */,
				1C973A4318B39AF80097D051 /* clock.png */,
				1C973A8A18B39AF80097D051 /* star.png */,
				1C973A5818B39AF80097D051 /* image1.jpg */,
				1C973A5918B39AF80097D051 /* image2.jpg */,
				1C973A5A18B39AF80097D051 /* image3.jpg */,
				1C973A5B18B39AF80097D051 /* image4.jpg */,
				1C973A5C18B39AF80097D051 /* image5.jpg */,
				1C973A5D18B39AF80097D051 /* image6.jpg */,
				1C973A5E18B39AF80097D051 /* image7.jpg */,
				1C973A5F18B39AF80097D051 /* image8.jpg */,
				1C973A6018B39AF80097D051 /* image9.jpg */,
				1C973A6118B39AF80097D051 /* image10.jpg */,
				1C973A6218B39AF80097D051 /* image11.jpg */,
				1C973A6318B39AF80097D051 /* image12.jpg */,
				1C973A6418B39AF80097D051 /* image13.jpg */,
				1C973A6518B39AF80097D051 /* image14.jpg */,
				1C973A6618B39AF80097D051 /* image15.jpg */,
				1C973A6718B39AF80097D051 /* image16.jpg */,
				1C973A6818B39AF80097D051 /* image17.jpg */,
				1C973A6918B39AF80097D051 /* image18.jpg */,
				1C973A6A18B39AF80097D051 /* image19.jpg */,
				1C973A6B18B39AF80097D051 /* image20.jpg */,
				1C973A6C18B39AF80097D051 /* image21.jpg */,
				1C973A6D18B39AF80097D051 /* image22.jpg */,
				1C973A6E18B39AF80097D051 /* image23.jpg */,
				1C973A6F18B39AF80097D051 /* image24.jpg */,
			);
			name = images;
			sourceTree = "<group>";
		};
		1C973B2618B39C680097D051 /* Classes */ = {
			isa = PBXGroup;
			children = (
				1C973A4418B39AF80097D051 /* Container */,
				1C973B2418B39B350097D051 /* Utilities */,
				1C973B2318B39B280097D051 /* Controller */,
				1C973B2218B39B180097D051 /* View */,
				1C973B2118B39B0B0097D051 /* Model */,
				1C973A3B18B39AF80097D051 /* AppDelegate.h */,
				1C973A3C18B39AF80097D051 /* AppDelegate.m */,
			);
			name = Classes;
			path = ..;
			sourceTree = "<group>";
		};
/* End PBXGroup section */

/* Begin PBXNativeTarget section */
		1C9739BE18B39AB20097D051 /* Chef.meV2 */ = {
			isa = PBXNativeTarget;
			buildConfigurationList = 1C9739EB18B39AB20097D051 /* Build configuration list for PBXNativeTarget "Chef.meV2" */;
			buildPhases = (
				7A7138A675704EAFAB985029 /* Check Pods Manifest.lock */,
				1C9739BB18B39AB20097D051 /* Sources */,
				1C9739BC18B39AB20097D051 /* Frameworks */,
				1C9739BD18B39AB20097D051 /* Resources */,
				E801C0B439E5417FA0E81570 /* Copy Pods Resources */,
			);
			buildRules = (
			);
			dependencies = (
			);
			name = Chef.meV2;
			productName = Chef.meV2;
			productReference = 1C9739BF18B39AB20097D051 /* Chef.meV2.app */;
			productType = "com.apple.product-type.application";
		};
		1C9739D918B39AB20097D051 /* Chef.meV2Tests */ = {
			isa = PBXNativeTarget;
			buildConfigurationList = 1C9739EE18B39AB20097D051 /* Build configuration list for PBXNativeTarget "Chef.meV2Tests" */;
			buildPhases = (
				1C9739D618B39AB20097D051 /* Sources */,
				1C9739D718B39AB20097D051 /* Frameworks */,
				1C9739D818B39AB20097D051 /* Resources */,
			);
			buildRules = (
			);
			dependencies = (
				1C9739E018B39AB20097D051 /* PBXTargetDependency */,
			);
			name = Chef.meV2Tests;
			productName = Chef.meV2Tests;
			productReference = 1C9739DA18B39AB20097D051 /* Chef.meV2Tests.xctest */;
			productType = "com.apple.product-type.bundle.unit-test";
		};
/* End PBXNativeTarget section */

/* Begin PBXProject section */
		1C9739B718B39AB20097D051 /* Project object */ = {
			isa = PBXProject;
			attributes = {
				LastUpgradeCheck = 0500;
				ORGANIZATIONNAME = "Bhagyashree Shekhawat";
				TargetAttributes = {
					1C9739D918B39AB20097D051 = {
						TestTargetID = 1C9739BE18B39AB20097D051;
					};
				};
			};
			buildConfigurationList = 1C9739BA18B39AB20097D051 /* Build configuration list for PBXProject "Chef.meV2" */;
			compatibilityVersion = "Xcode 3.2";
			developmentRegion = English;
			hasScannedForEncodings = 0;
			knownRegions = (
				en,
				Base,
			);
			mainGroup = 1C9739B618B39AB20097D051;
			productRefGroup = 1C9739C018B39AB20097D051 /* Products */;
			projectDirPath = "";
			projectRoot = "";
			targets = (
				1C9739BE18B39AB20097D051 /* Chef.meV2 */,
				1C9739D918B39AB20097D051 /* Chef.meV2Tests */,
			);
		};
/* End PBXProject section */

/* Begin PBXResourcesBuildPhase section */
		1C9739BD18B39AB20097D051 /* Resources */ = {
			isa = PBXResourcesBuildPhase;
			buildActionMask = 2147483647;
			files = (
				1C973B0718B39AF90097D051 /* Images.xcassets in Resources */,
				1C973AC918B39AF90097D051 /* 52.png in Resources */,
				1C973B0618B39AF90097D051 /* image24.jpg in Resources */,
				1C973AC718B39AF90097D051 /* 49.png in Resources */,
				1C973AFC18B39AF90097D051 /* image14.jpg in Resources */,
				1C973AF418B39AF90097D051 /* image6.jpg in Resources */,
				1C973AF518B39AF90097D051 /* image7.jpg in Resources */,
				1C973ADE18B39AF90097D051 /* meat2.png in Resources */,
				1C973AC118B39AF90097D051 /* 4.png in Resources */,
				1C973AC618B39AF90097D051 /* 46.png in Resources */,
				1C973ABC18B39AF90097D051 /* 34.png in Resources */,
				1C973B1118B39AF90097D051 /* PropertyConfigViewController.xib in Resources */,
				1C973AAF18B39AF90097D051 /* 21.png in Resources */,
				1C973A9818B39AF90097D051 /* 123.png in Resources */,
				1C973AA218B39AF90097D051 /* 189.png in Resources */,
				1C973B1A18B39AF90097D051 /* StepsViewController.xib in Resources */,
				1C4A866F18B9A37700F896B9 /* MHTabBarInactiveTab@2x.png in Resources */,
				1C973AB718B39AF90097D051 /* 3.png in Resources */,
				1C973AB518B39AF90097D051 /* 28.png in Resources */,
				1C4A866C18B9A37700F896B9 /* MHTabBarActiveTab@2x.png in Resources */,
				1C973AE018B39AF90097D051 /* time.png in Resources */,
				1C973ADA18B39AF90097D051 /* garlic.png in Resources */,
				1C973A9F18B39AF90097D051 /* 184.png in Resources */,
				1C973AFF18B39AF90097D051 /* image17.jpg in Resources */,
				1C973AF618B39AF90097D051 /* image8.jpg in Resources */,
				1C973AAD18B39AF90097D051 /* 20.png in Resources */,
				1C973AD118B39AF90097D051 /* chilli1.png in Resources */,
				1C973AD618B39AF90097D051 /* egg.png in Resources */,
				1C973ACA18B39AF90097D051 /* 53.png in Resources */,
				1C973B0518B39AF90097D051 /* image23.jpg in Resources */,
				1C973AAA18B39AF90097D051 /* 198.png in Resources */,
				1C973B0E18B39AF90097D051 /* MainViewController.xib in Resources */,
				1C973AD218B39AF90097D051 /* chilli2.png in Resources */,
				1C973AEB18B39AF90097D051 /* ContentViewController.xib in Resources */,
				1C973AEF18B39AF90097D051 /* image1.jpg in Resources */,
				1C973AC018B39AF90097D051 /* 39.png in Resources */,
				1C973ABE18B39AF90097D051 /* 37.png in Resources */,
				1C973B0318B39AF90097D051 /* image21.jpg in Resources */,
				1C426B3318B95C8D0058291B /* TabbedViewFooter.xib in Resources */,
				1C973AC818B39AF90097D051 /* 51.png in Resources */,
				1C4A866E18B9A37700F896B9 /* MHTabBarInactiveTab.png in Resources */,
				1C973AD718B39AF90097D051 /* egg2.png in Resources */,
				1C973AF218B39AF90097D051 /* image4.jpg in Resources */,
				1C973AD918B39AF90097D051 /* fish.png in Resources */,
				1C973AAC18B39AF90097D051 /* 2.png in Resources */,
				1C973ABD18B39AF90097D051 /* 36.png in Resources */,
				1C973AA618B39AF90097D051 /* 194.png in Resources */,
				1C4A866B18B9A37700F896B9 /* MHTabBarActiveTab.png in Resources */,
				1C973AEE18B39AF90097D051 /* InfoPlist.strings in Resources */,
				1C973ADC18B39AF90097D051 /* meat.png in Resources */,
				1C973AC218B39AF90097D051 /* 42.png in Resources */,
				1C973B1E18B39AF90097D051 /* UserAccountViewController.xib in Resources */,
				1C973AA318B39AF90097D051 /* 191.png in Resources */,
				1C426B3A18B9657B0058291B /* ShoppingCartRowCell.xib in Resources */,
				1C973AF018B39AF90097D051 /* image2.jpg in Resources */,
				1C973AC418B39AF90097D051 /* 44.png in Resources */,
				1C973AC518B39AF90097D051 /* 45.png in Resources */,
				1C973AE318B39AF90097D051 /* bookmark.png in Resources */,
				1C973A9C18B39AF90097D051 /* 181.png in Resources */,
				1C973B0B18B39AF90097D051 /* LoginViewController.xib in Resources */,
				1C973AB318B39AF90097D051 /* 25.png in Resources */,
				1C973AFB18B39AF90097D051 /* image13.jpg in Resources */,
				1C973B1418B39AF90097D051 /* RecipeListCell.xib in Resources */,
				1C973ACB18B39AF90097D051 /* 54.png in Resources */,
				1C973A9918B39AF90097D051 /* 13.png in Resources */,
				1C973B0018B39AF90097D051 /* image18.jpg in Resources */,
				1C973AA418B39AF90097D051 /* 192.png in Resources */,
				1C973ADD18B39AF90097D051 /* meat1.png in Resources */,
				1C973B1618B39AF90097D051 /* RecipeListViewController.xib in Resources */,
				1C973AAB18B39AF90097D051 /* 199.png in Resources */,
				1C973AD318B39AF90097D051 /* chilli3.png in Resources */,
				1C973AD018B39AF90097D051 /* cheese2.png in Resources */,
				1C973B0418B39AF90097D051 /* image22.jpg in Resources */,
				1C973AD818B39AF90097D051 /* egg3.png in Resources */,
				1C973AAE18B39AF90097D051 /* 200.png in Resources */,
				1C973ADB18B39AF90097D051 /* garlic2.png in Resources */,
				1C973AF718B39AF90097D051 /* image9.jpg in Resources */,
				1C973AA518B39AF90097D051 /* 193.png in Resources */,
				1C973AC318B39AF90097D051 /* 43.png in Resources */,
				1C973AA018B39AF90097D051 /* 185.png in Resources */,
				1C973ABB18B39AF90097D051 /* 33.png in Resources */,
				1C973AB018B39AF90097D051 /* 22.png in Resources */,
				1C973ACF18B39AF90097D051 /* cheese.png in Resources */,
				1C973AB818B39AF90097D051 /* 30.png in Resources */,
				1C973AB918B39AF90097D051 /* 31.png in Resources */,
				1C973AFE18B39AF90097D051 /* image16.jpg in Resources */,
				1C973AB218B39AF90097D051 /* 24.png in Resources */,
				1C973ACE18B39AF90097D051 /* brocolli.png in Resources */,
				1C973AE218B39AF90097D051 /* Main.storyboard in Resources */,
				1C973AD518B39AF90097D051 /* corn.png in Resources */,
				1C973AE518B39AF90097D051 /* clock.png in Resources */,
				1C973A9E18B39AF90097D051 /* 183.png in Resources */,
				1C973B0118B39AF90097D051 /* image19.jpg in Resources */,
				1C973AA918B39AF90097D051 /* 197.png in Resources */,
				1C9739CD18B39AB20097D051 /* InfoPlist.strings in Resources */,
				1C973A9B18B39AF90097D051 /* 180.png in Resources */,
				1C973AFD18B39AF90097D051 /* image15.jpg in Resources */,
				1C973B1B18B39AF90097D051 /* TabbedController.xib in Resources */,
				1C973AD418B39AF90097D051 /* coffee.png in Resources */,
				1C973A9D18B39AF90097D051 /* 182.png in Resources */,
				1C973AED18B39AF90097D051 /* DetailViewController.xib in Resources */,
				1C973AA118B39AF90097D051 /* 186.png in Resources */,
				1C973AA718B39AF90097D051 /* 195.png in Resources */,
				1C973AF818B39AF90097D051 /* image10.jpg in Resources */,
				1C973B3E18B3A5AC0097D051 /* Chef.meV2-Info.plist in Resources */,
				1C973A9A18B39AF90097D051 /* 132.png in Resources */,
				1C973ABA18B39AF90097D051 /* 32.png in Resources */,
				1C973AF318B39AF90097D051 /* image5.jpg in Resources */,
				1C973AF118B39AF90097D051 /* image3.jpg in Resources */,
				1C973AB118B39AF90097D051 /* 23.png in Resources */,
				1C4A867118B9A37700F896B9 /* MHTabBarIndicator@2x.png in Resources */,
				1C4A867018B9A37700F896B9 /* MHTabBarIndicator.png in Resources */,
				1C973ACD18B39AF90097D051 /* bread.png in Resources */,
				1C973AFA18B39AF90097D051 /* image12.jpg in Resources */,
				1C973ACC18B39AF90097D051 /* 55.png in Resources */,
				1C973ADF18B39AF90097D051 /* mushroom.png in Resources */,
				1C973ABF18B39AF90097D051 /* 38.png in Resources */,
				1C973B1818B39AF90097D051 /* star.png in Resources */,
				1C426B2F18B957D60058291B /* ShoppingCartController.xib in Resources */,
				1C973AB618B39AF90097D051 /* 29.png in Resources */,
				1C973AB418B39AF90097D051 /* 26.png in Resources */,
				1C973AA818B39AF90097D051 /* 196.png in Resources */,
				1C973B0918B39AF90097D051 /* IngredientsViewController.xib in Resources */,
				1C973AF918B39AF90097D051 /* image11.jpg in Resources */,
				1C973B0218B39AF90097D051 /* image20.jpg in Resources */,
			);
			runOnlyForDeploymentPostprocessing = 0;
		};
		1C9739D818B39AB20097D051 /* Resources */ = {
			isa = PBXResourcesBuildPhase;
			buildActionMask = 2147483647;
			files = (
				1C9739E618B39AB20097D051 /* InfoPlist.strings in Resources */,
			);
			runOnlyForDeploymentPostprocessing = 0;
		};
/* End PBXResourcesBuildPhase section */

/* Begin PBXShellScriptBuildPhase section */
		7A7138A675704EAFAB985029 /* Check Pods Manifest.lock */ = {
			isa = PBXShellScriptBuildPhase;
			buildActionMask = 2147483647;
			files = (
			);
			inputPaths = (
			);
			name = "Check Pods Manifest.lock";
			outputPaths = (
			);
			runOnlyForDeploymentPostprocessing = 0;
			shellPath = /bin/sh;
			shellScript = "diff \"${PODS_ROOT}/../Podfile.lock\" \"${PODS_ROOT}/Manifest.lock\" > /dev/null\nif [[ $? != 0 ]] ; then\n    cat << EOM\nerror: The sandbox is not in sync with the Podfile.lock. Run 'pod install' or update your CocoaPods installation.\nEOM\n    exit 1\nfi\n";
			showEnvVarsInLog = 0;
		};
		E801C0B439E5417FA0E81570 /* Copy Pods Resources */ = {
			isa = PBXShellScriptBuildPhase;
			buildActionMask = 2147483647;
			files = (
			);
			inputPaths = (
			);
			name = "Copy Pods Resources";
			outputPaths = (
			);
			runOnlyForDeploymentPostprocessing = 0;
			shellPath = /bin/sh;
			shellScript = "\"${SRCROOT}/Pods/Pods-resources.sh\"\n";
			showEnvVarsInLog = 0;
		};
/* End PBXShellScriptBuildPhase section */

/* Begin PBXSourcesBuildPhase section */
		1C9739BB18B39AB20097D051 /* Sources */ = {
			isa = PBXSourcesBuildPhase;
			buildActionMask = 2147483647;
			files = (
				1C973B1718B39AF90097D051 /* RestObject.m in Sources */,
				1C4A866D18B9A37700F896B9 /* MHTabBarController.m in Sources */,
				1C973B1518B39AF90097D051 /* RecipeListViewController.m in Sources */,
				1C426B3618B9644B0058291B /* ShoppingCartRowCell.m in Sources */,
				1C973AE818B39AF90097D051 /* MPFlipViewController.m in Sources */,
				1C973B1218B39AF90097D051 /* Recipe.m in Sources */,
				1C973B0818B39AF90097D051 /* IngredientsViewController.m in Sources */,
				1C973AEA18B39AF90097D051 /* ContentViewController.m in Sources */,
				1C973B1D18B39AF90097D051 /* UserAccountViewController.m in Sources */,
				1C973AE918B39AF90097D051 /* MPTransition.m in Sources */,
				1C426B4118B9842D0058291B /* ShoppingCart.m in Sources */,
				1C973B1F18B39AF90097D051 /* Utilities.m in Sources */,
				1C973B0A18B39AF90097D051 /* LoginViewController.m in Sources */,
				1C973AEC18B39AF90097D051 /* DetailViewController.m in Sources */,
				1C973AE718B39AF90097D051 /* MPFlipTransition.m in Sources */,
				1C973B1C18B39AF90097D051 /* TagFinder.m in Sources */,
				1C973B0D18B39AF90097D051 /* MainViewController.m in Sources */,
				1C973AE118B39AF90097D051 /* AppDelegate.m in Sources */,
				1C973B1018B39AF90097D051 /* PropertyConfigViewController.m in Sources */,
				1C973B1918B39AF90097D051 /* StepsViewController.m in Sources */,
				1C973AE618B39AF90097D051 /* MPAnimation.m in Sources */,
				1C426B4418B984830058291B /* ShoppingCartItem.m in Sources */,
				1C9739CF18B39AB20097D051 /* main.m in Sources */,
				1C973B2018B39AF90097D051 /* YummlyClient.m in Sources */,
				1C973B0F18B39AF90097D051 /* NSDictionary+CPAdditions.m in Sources */,
				1C426B2E18B957D60058291B /* ShoppingCartController.m in Sources */,
				1C973B1318B39AF90097D051 /* RecipeCell.m in Sources */,
			);
			runOnlyForDeploymentPostprocessing = 0;
		};
		1C9739D618B39AB20097D051 /* Sources */ = {
			isa = PBXSourcesBuildPhase;
			buildActionMask = 2147483647;
			files = (
				1C9739E818B39AB20097D051 /* Chef_meV2Tests.m in Sources */,
			);
			runOnlyForDeploymentPostprocessing = 0;
		};
/* End PBXSourcesBuildPhase section */

/* Begin PBXTargetDependency section */
		1C9739E018B39AB20097D051 /* PBXTargetDependency */ = {
			isa = PBXTargetDependency;
			target = 1C9739BE18B39AB20097D051 /* Chef.meV2 */;
			targetProxy = 1C9739DF18B39AB20097D051 /* PBXContainerItemProxy */;
		};
/* End PBXTargetDependency section */

/* Begin PBXVariantGroup section */
		1C9739CB18B39AB20097D051 /* InfoPlist.strings */ = {
			isa = PBXVariantGroup;
			children = (
				1C9739CC18B39AB20097D051 /* en */,
			);
			name = InfoPlist.strings;
			sourceTree = "<group>";
		};
		1C9739E418B39AB20097D051 /* InfoPlist.strings */ = {
			isa = PBXVariantGroup;
			children = (
				1C9739E518B39AB20097D051 /* en */,
			);
			name = InfoPlist.strings;
			sourceTree = "<group>";
		};
		1C973A3E18B39AF80097D051 /* Main.storyboard */ = {
			isa = PBXVariantGroup;
			children = (
				1C973A3F18B39AF80097D051 /* Base */,
			);
			name = Main.storyboard;
			sourceTree = "<group>";
		};
		1C973A5618B39AF80097D051 /* InfoPlist.strings */ = {
			isa = PBXVariantGroup;
			children = (
				1C973A5718B39AF80097D051 /* en */,
			);
			name = InfoPlist.strings;
			sourceTree = "<group>";
		};
/* End PBXVariantGroup section */

/* Begin XCBuildConfiguration section */
		1C9739E918B39AB20097D051 /* Debug */ = {
			isa = XCBuildConfiguration;
			buildSettings = {
				ALWAYS_SEARCH_USER_PATHS = NO;
				ARCHS = "$(ARCHS_STANDARD_INCLUDING_64_BIT)";
				CLANG_CXX_LANGUAGE_STANDARD = "gnu++0x";
				CLANG_CXX_LIBRARY = "libc++";
				CLANG_ENABLE_MODULES = YES;
				CLANG_ENABLE_OBJC_ARC = YES;
				CLANG_WARN_BOOL_CONVERSION = YES;
				CLANG_WARN_CONSTANT_CONVERSION = YES;
				CLANG_WARN_DIRECT_OBJC_ISA_USAGE = YES_ERROR;
				CLANG_WARN_EMPTY_BODY = YES;
				CLANG_WARN_ENUM_CONVERSION = YES;
				CLANG_WARN_INT_CONVERSION = YES;
				CLANG_WARN_OBJC_ROOT_CLASS = YES_ERROR;
				CLANG_WARN__DUPLICATE_METHOD_MATCH = YES;
				"CODE_SIGN_IDENTITY[sdk=iphoneos*]" = "iPhone Developer";
				COPY_PHASE_STRIP = NO;
				GCC_C_LANGUAGE_STANDARD = gnu99;
				GCC_DYNAMIC_NO_PIC = NO;
				GCC_OPTIMIZATION_LEVEL = 0;
				GCC_PREPROCESSOR_DEFINITIONS = (
					"DEBUG=1",
					"$(inherited)",
				);
				GCC_SYMBOLS_PRIVATE_EXTERN = NO;
				GCC_WARN_64_TO_32_BIT_CONVERSION = YES;
				GCC_WARN_ABOUT_RETURN_TYPE = YES_ERROR;
				GCC_WARN_UNDECLARED_SELECTOR = YES;
				GCC_WARN_UNINITIALIZED_AUTOS = YES;
				GCC_WARN_UNUSED_FUNCTION = YES;
				GCC_WARN_UNUSED_VARIABLE = YES;
				IPHONEOS_DEPLOYMENT_TARGET = 7.0;
				ONLY_ACTIVE_ARCH = YES;
				SDKROOT = iphoneos;
			};
			name = Debug;
		};
		1C9739EA18B39AB20097D051 /* Release */ = {
			isa = XCBuildConfiguration;
			buildSettings = {
				ALWAYS_SEARCH_USER_PATHS = NO;
				ARCHS = "$(ARCHS_STANDARD_INCLUDING_64_BIT)";
				CLANG_CXX_LANGUAGE_STANDARD = "gnu++0x";
				CLANG_CXX_LIBRARY = "libc++";
				CLANG_ENABLE_MODULES = YES;
				CLANG_ENABLE_OBJC_ARC = YES;
				CLANG_WARN_BOOL_CONVERSION = YES;
				CLANG_WARN_CONSTANT_CONVERSION = YES;
				CLANG_WARN_DIRECT_OBJC_ISA_USAGE = YES_ERROR;
				CLANG_WARN_EMPTY_BODY = YES;
				CLANG_WARN_ENUM_CONVERSION = YES;
				CLANG_WARN_INT_CONVERSION = YES;
				CLANG_WARN_OBJC_ROOT_CLASS = YES_ERROR;
				CLANG_WARN__DUPLICATE_METHOD_MATCH = YES;
				"CODE_SIGN_IDENTITY[sdk=iphoneos*]" = "iPhone Developer";
				COPY_PHASE_STRIP = YES;
				ENABLE_NS_ASSERTIONS = NO;
				GCC_C_LANGUAGE_STANDARD = gnu99;
				GCC_WARN_64_TO_32_BIT_CONVERSION = YES;
				GCC_WARN_ABOUT_RETURN_TYPE = YES_ERROR;
				GCC_WARN_UNDECLARED_SELECTOR = YES;
				GCC_WARN_UNINITIALIZED_AUTOS = YES;
				GCC_WARN_UNUSED_FUNCTION = YES;
				GCC_WARN_UNUSED_VARIABLE = YES;
				IPHONEOS_DEPLOYMENT_TARGET = 7.0;
				SDKROOT = iphoneos;
				VALIDATE_PRODUCT = YES;
			};
			name = Release;
		};
		1C9739EC18B39AB20097D051 /* Debug */ = {
			isa = XCBuildConfiguration;
			baseConfigurationReference = F5548F19299B4D979EBEFC75 /* Pods.xcconfig */;
			buildSettings = {
				ASSETCATALOG_COMPILER_APPICON_NAME = AppIcon;
				ASSETCATALOG_COMPILER_LAUNCHIMAGE_NAME = LaunchImage;
				FRAMEWORK_SEARCH_PATHS = (
					"$(inherited)",
					/Users/bbhati/Documents/ObjectiveC/iOSProject/Chef.me/Chef.meV2,
				);
				GCC_PRECOMPILE_PREFIX_HEADER = YES;
				GCC_PREFIX_HEADER = "Chef.meV2/Chef.meV2-Prefix.pch";
				INFOPLIST_FILE = "Chef.meV2/Chef.meV2-Info.plist";
				PRODUCT_NAME = "$(TARGET_NAME)";
				WRAPPER_EXTENSION = app;
			};
			name = Debug;
		};
		1C9739ED18B39AB20097D051 /* Release */ = {
			isa = XCBuildConfiguration;
			baseConfigurationReference = F5548F19299B4D979EBEFC75 /* Pods.xcconfig */;
			buildSettings = {
				ASSETCATALOG_COMPILER_APPICON_NAME = AppIcon;
				ASSETCATALOG_COMPILER_LAUNCHIMAGE_NAME = LaunchImage;
				FRAMEWORK_SEARCH_PATHS = (
					"$(inherited)",
					/Users/bbhati/Documents/ObjectiveC/iOSProject/Chef.me/Chef.meV2,
				);
				GCC_PRECOMPILE_PREFIX_HEADER = YES;
				GCC_PREFIX_HEADER = "Chef.meV2/Chef.meV2-Prefix.pch";
				INFOPLIST_FILE = "Chef.meV2/Chef.meV2-Info.plist";
				PRODUCT_NAME = "$(TARGET_NAME)";
				WRAPPER_EXTENSION = app;
			};
			name = Release;
		};
		1C9739EF18B39AB20097D051 /* Debug */ = {
			isa = XCBuildConfiguration;
			buildSettings = {
				ARCHS = "$(ARCHS_STANDARD_INCLUDING_64_BIT)";
				BUNDLE_LOADER = "$(BUILT_PRODUCTS_DIR)/Chef.meV2.app/Chef.meV2";
				FRAMEWORK_SEARCH_PATHS = (
					"$(SDKROOT)/Developer/Library/Frameworks",
					"$(inherited)",
					"$(DEVELOPER_FRAMEWORKS_DIR)",
				);
				GCC_PRECOMPILE_PREFIX_HEADER = YES;
				GCC_PREFIX_HEADER = "Chef.meV2/Chef.meV2-Prefix.pch";
				GCC_PREPROCESSOR_DEFINITIONS = (
					"DEBUG=1",
					"$(inherited)",
				);
				INFOPLIST_FILE = "Chef.meV2Tests/Chef.meV2Tests-Info.plist";
				PRODUCT_NAME = "$(TARGET_NAME)";
				TEST_HOST = "$(BUNDLE_LOADER)";
				WRAPPER_EXTENSION = xctest;
			};
			name = Debug;
		};
		1C9739F018B39AB20097D051 /* Release */ = {
			isa = XCBuildConfiguration;
			buildSettings = {
				ARCHS = "$(ARCHS_STANDARD_INCLUDING_64_BIT)";
				BUNDLE_LOADER = "$(BUILT_PRODUCTS_DIR)/Chef.meV2.app/Chef.meV2";
				FRAMEWORK_SEARCH_PATHS = (
					"$(SDKROOT)/Developer/Library/Frameworks",
					"$(inherited)",
					"$(DEVELOPER_FRAMEWORKS_DIR)",
				);
				GCC_PRECOMPILE_PREFIX_HEADER = YES;
				GCC_PREFIX_HEADER = "Chef.meV2/Chef.meV2-Prefix.pch";
				INFOPLIST_FILE = "Chef.meV2Tests/Chef.meV2Tests-Info.plist";
				PRODUCT_NAME = "$(TARGET_NAME)";
				TEST_HOST = "$(BUNDLE_LOADER)";
				WRAPPER_EXTENSION = xctest;
			};
			name = Release;
		};
/* End XCBuildConfiguration section */

/* Begin XCConfigurationList section */
		1C9739BA18B39AB20097D051 /* Build configuration list for PBXProject "Chef.meV2" */ = {
			isa = XCConfigurationList;
			buildConfigurations = (
				1C9739E918B39AB20097D051 /* Debug */,
				1C9739EA18B39AB20097D051 /* Release */,
			);
			defaultConfigurationIsVisible = 0;
			defaultConfigurationName = Release;
		};
		1C9739EB18B39AB20097D051 /* Build configuration list for PBXNativeTarget "Chef.meV2" */ = {
			isa = XCConfigurationList;
			buildConfigurations = (
				1C9739EC18B39AB20097D051 /* Debug */,
				1C9739ED18B39AB20097D051 /* Release */,
			);
			defaultConfigurationIsVisible = 0;
			defaultConfigurationName = Release;
		};
		1C9739EE18B39AB20097D051 /* Build configuration list for PBXNativeTarget "Chef.meV2Tests" */ = {
			isa = XCConfigurationList;
			buildConfigurations = (
				1C9739EF18B39AB20097D051 /* Debug */,
				1C9739F018B39AB20097D051 /* Release */,
			);
			defaultConfigurationIsVisible = 0;
			defaultConfigurationName = Release;
		};
/* End XCConfigurationList section */
	};
	rootObject = 1C9739B718B39AB20097D051 /* Project object */;
}
